// !$*UTF8*$!
{
	archiveVersion = 1;
	classes = {
	};
	objectVersion = 46;
	objects = {

/* Begin PBXBuildFile section */
		5105E8C21DFEDB4E0020E107 /* main.m in Sources */ = {isa = PBXBuildFile; fileRef = 5105E8C11DFEDB4E0020E107 /* main.m */; };
		5105E8C51DFEDB4E0020E107 /* AppDelegate.m in Sources */ = {isa = PBXBuildFile; fileRef = 5105E8C41DFEDB4E0020E107 /* AppDelegate.m */; };
		5105E8C81DFEDB4E0020E107 /* ViewController.m in Sources */ = {isa = PBXBuildFile; fileRef = 5105E8C71DFEDB4E0020E107 /* ViewController.m */; };
		5105E8CB1DFEDB4E0020E107 /* Main.storyboard in Resources */ = {isa = PBXBuildFile; fileRef = 5105E8C91DFEDB4E0020E107 /* Main.storyboard */; };
		5105E8CD1DFEDB4E0020E107 /* Assets.xcassets in Resources */ = {isa = PBXBuildFile; fileRef = 5105E8CC1DFEDB4E0020E107 /* Assets.xcassets */; };
		5105E8D01DFEDB4E0020E107 /* LaunchScreen.storyboard in Resources */ = {isa = PBXBuildFile; fileRef = 5105E8CE1DFEDB4E0020E107 /* LaunchScreen.storyboard */; };
		5105E8DB1DFEDB4F0020E107 /* OCDesignModeExampleTests.m in Sources */ = {isa = PBXBuildFile; fileRef = 5105E8DA1DFEDB4F0020E107 /* OCDesignModeExampleTests.m */; };
		5105E8E61DFEDB4F0020E107 /* OCDesignModeExampleUITests.m in Sources */ = {isa = PBXBuildFile; fileRef = 5105E8E51DFEDB4F0020E107 /* OCDesignModeExampleUITests.m */; };
		5105E8F51DFEDEB10020E107 /* MainListViewController.m in Sources */ = {isa = PBXBuildFile; fileRef = 5105E8F41DFEDEB10020E107 /* MainListViewController.m */; };
		5105E8FC1DFEE00F0020E107 /* BaseListViewController.m in Sources */ = {isa = PBXBuildFile; fileRef = 5105E8FB1DFEE00F0020E107 /* BaseListViewController.m */; };
		5105E8FF1DFEEB0A0020E107 /* RecordViewController.m in Sources */ = {isa = PBXBuildFile; fileRef = 5105E8FE1DFEEB0A0020E107 /* RecordViewController.m */; };
		5105E9051DFEF0D30020E107 /* btnSelectedImg.png in Resources */ = {isa = PBXBuildFile; fileRef = 5105E9041DFEF0D30020E107 /* btnSelectedImg.png */; };
		511132AB1E2677050084E6E4 /* gamePlayer.m in Sources */ = {isa = PBXBuildFile; fileRef = 511132AA1E2677050084E6E4 /* gamePlayer.m */; };
		511132AE1E2677960084E6E4 /* memenTo.m in Sources */ = {isa = PBXBuildFile; fileRef = 511132AD1E2677960084E6E4 /* memenTo.m */; };
		511132B11E26790E0084E6E4 /* memenToCreateTaker.m in Sources */ = {isa = PBXBuildFile; fileRef = 511132B01E26790E0084E6E4 /* memenToCreateTaker.m */; };
		511132B41E2679FD0084E6E4 /* process.m in Sources */ = {isa = PBXBuildFile; fileRef = 511132B31E2679FD0084E6E4 /* process.m */; };
		51D118851E25194C004C0CB6 /* CashSuper.m in Sources */ = {isa = PBXBuildFile; fileRef = 51D118841E25194C004C0CB6 /* CashSuper.m */; };
		51D118881E2519C8004C0CB6 /* CashNormal.m in Sources */ = {isa = PBXBuildFile; fileRef = 51D118871E2519C8004C0CB6 /* CashNormal.m */; };
		51D1188B1E251A0B004C0CB6 /* CashRebate.m in Sources */ = {isa = PBXBuildFile; fileRef = 51D1188A1E251A0B004C0CB6 /* CashRebate.m */; };
		51D1188E1E251A23004C0CB6 /* CashReturn.m in Sources */ = {isa = PBXBuildFile; fileRef = 51D1188D1E251A23004C0CB6 /* CashReturn.m */; };
		51D118911E251A3B004C0CB6 /* CashContext.m in Sources */ = {isa = PBXBuildFile; fileRef = 51D118901E251A3B004C0CB6 /* CashContext.m */; };
		51D118971E2521F2004C0CB6 /* StrategyViewController.m in Sources */ = {isa = PBXBuildFile; fileRef = 51D118961E2521F2004C0CB6 /* StrategyViewController.m */; };
		51FA32C21E6C0672006E8CFF /* BaseOperation.m in Sources */ = {isa = PBXBuildFile; fileRef = 51FA32C11E6C0672006E8CFF /* BaseOperation.m */; };
		51FA32C51E6C06F7006E8CFF /* AddOperation.m in Sources */ = {isa = PBXBuildFile; fileRef = 51FA32C41E6C06F7006E8CFF /* AddOperation.m */; };
		51FA32C81E6C0722006E8CFF /* SubOperation.m in Sources */ = {isa = PBXBuildFile; fileRef = 51FA32C71E6C0722006E8CFF /* SubOperation.m */; };
		51FA32CB1E6C0743006E8CFF /* MulOperation.m in Sources */ = {isa = PBXBuildFile; fileRef = 51FA32CA1E6C0743006E8CFF /* MulOperation.m */; };
		51FA32CE1E6C0753006E8CFF /* DivOperation.m in Sources */ = {isa = PBXBuildFile; fileRef = 51FA32CD1E6C0753006E8CFF /* DivOperation.m */; };
		51FA32D11E6C07C4006E8CFF /* OperationFactory.m in Sources */ = {isa = PBXBuildFile; fileRef = 51FA32D01E6C07C4006E8CFF /* OperationFactory.m */; };
		51FA32D41E6C09D3006E8CFF /* SimpleFactoryViewController.m in Sources */ = {isa = PBXBuildFile; fileRef = 51FA32D31E6C09D3006E8CFF /* SimpleFactoryViewController.m */; };
		67B4EEF68EF98BB8ADB852C4 /* libPods-OCDesignModeExampleTests.a in Frameworks */ = {isa = PBXBuildFile; fileRef = 21EEF51177C6F43BA99612DD /* libPods-OCDesignModeExampleTests.a */; };
		871F30012E143442CEA06676 /* libPods-OCDesignModeExampleUITests.a in Frameworks */ = {isa = PBXBuildFile; fileRef = 9B7396243DF5E752AD80D1F1 /* libPods-OCDesignModeExampleUITests.a */; };
		A4FED705B1B16D84643EFB02 /* libPods-OCDesignModeExample.a in Frameworks */ = {isa = PBXBuildFile; fileRef = B26E188B640EC53E7D915DF6 /* libPods-OCDesignModeExample.a */; };
		C11EB5591E08C61D00314BBA /* ElementPoolArray.m in Sources */ = {isa = PBXBuildFile; fileRef = C11EB5581E08C61D00314BBA /* ElementPoolArray.m */; };
		C11EB55C1E08C63800314BBA /* BaseElement.m in Sources */ = {isa = PBXBuildFile; fileRef = C11EB55B1E08C63800314BBA /* BaseElement.m */; };
		C11EB55F1E08C64D00314BBA /* BaseVisitor.m in Sources */ = {isa = PBXBuildFile; fileRef = C11EB55E1E08C64D00314BBA /* BaseVisitor.m */; };
		C11EB5621E08C7B700314BBA /* StringElement.m in Sources */ = {isa = PBXBuildFile; fileRef = C11EB5611E08C7B700314BBA /* StringElement.m */; };
		C11EB5651E08C80800314BBA /* NumberElement.m in Sources */ = {isa = PBXBuildFile; fileRef = C11EB5641E08C80800314BBA /* NumberElement.m */; };
		C11EB5681E08C84800314BBA /* VisitorA.m in Sources */ = {isa = PBXBuildFile; fileRef = C11EB5671E08C84800314BBA /* VisitorA.m */; };
		C11EB56B1E08C89800314BBA /* VisitorB.m in Sources */ = {isa = PBXBuildFile; fileRef = C11EB56A1E08C89800314BBA /* VisitorB.m */; };
		C11EB56E1E08C8B900314BBA /* VisitorViewController.m in Sources */ = {isa = PBXBuildFile; fileRef = C11EB56D1E08C8B900314BBA /* VisitorViewController.m */; };
		C149563D1E00F84A00760ABC /* RecodePool.m in Sources */ = {isa = PBXBuildFile; fileRef = C149563A1E00F84A00760ABC /* RecodePool.m */; };
		C149563E1E00F84A00760ABC /* RecordItem.m in Sources */ = {isa = PBXBuildFile; fileRef = C149563C1E00F84A00760ABC /* RecordItem.m */; };
		C14956421E00F87B00760ABC /* TextViewWraper.m in Sources */ = {isa = PBXBuildFile; fileRef = C14956411E00F87B00760ABC /* TextViewWraper.m */; };
		C14956451E00F89400760ABC /* LabelWrapper.m in Sources */ = {isa = PBXBuildFile; fileRef = C14956441E00F89400760ABC /* LabelWrapper.m */; };
		C14956491E01175800760ABC /* MediaCenter.m in Sources */ = {isa = PBXBuildFile; fileRef = C14956481E01175800760ABC /* MediaCenter.m */; };
		C1CA072C1E016F5400C2627F /* MediaViewController.m in Sources */ = {isa = PBXBuildFile; fileRef = C1CA072B1E016F5400C2627F /* MediaViewController.m */; };
		C1E4EEE71DFF8BEB004B4E89 /* TempletViewController.m in Sources */ = {isa = PBXBuildFile; fileRef = C1E4EEE61DFF8BEB004B4E89 /* TempletViewController.m */; };
/* End PBXBuildFile section */

/* Begin PBXContainerItemProxy section */
		5105E8D71DFEDB4F0020E107 /* PBXContainerItemProxy */ = {
			isa = PBXContainerItemProxy;
			containerPortal = 5105E8B51DFEDB4E0020E107 /* Project object */;
			proxyType = 1;
			remoteGlobalIDString = 5105E8BC1DFEDB4E0020E107;
			remoteInfo = OCDesignModeExample;
		};
		5105E8E21DFEDB4F0020E107 /* PBXContainerItemProxy */ = {
			isa = PBXContainerItemProxy;
			containerPortal = 5105E8B51DFEDB4E0020E107 /* Project object */;
			proxyType = 1;
			remoteGlobalIDString = 5105E8BC1DFEDB4E0020E107;
			remoteInfo = OCDesignModeExample;
		};
/* End PBXContainerItemProxy section */

/* Begin PBXFileReference section */
		21EEF51177C6F43BA99612DD /* libPods-OCDesignModeExampleTests.a */ = {isa = PBXFileReference; explicitFileType = archive.ar; includeInIndex = 0; path = "libPods-OCDesignModeExampleTests.a"; sourceTree = BUILT_PRODUCTS_DIR; };
		5105E8BD1DFEDB4E0020E107 /* OCDesignModeExample.app */ = {isa = PBXFileReference; explicitFileType = wrapper.application; includeInIndex = 0; path = OCDesignModeExample.app; sourceTree = BUILT_PRODUCTS_DIR; };
		5105E8C11DFEDB4E0020E107 /* main.m */ = {isa = PBXFileReference; lastKnownFileType = sourcecode.c.objc; path = main.m; sourceTree = "<group>"; };
		5105E8C31DFEDB4E0020E107 /* AppDelegate.h */ = {isa = PBXFileReference; lastKnownFileType = sourcecode.c.h; path = AppDelegate.h; sourceTree = "<group>"; };
		5105E8C41DFEDB4E0020E107 /* AppDelegate.m */ = {isa = PBXFileReference; lastKnownFileType = sourcecode.c.objc; path = AppDelegate.m; sourceTree = "<group>"; };
		5105E8C61DFEDB4E0020E107 /* ViewController.h */ = {isa = PBXFileReference; lastKnownFileType = sourcecode.c.h; path = ViewController.h; sourceTree = "<group>"; };
		5105E8C71DFEDB4E0020E107 /* ViewController.m */ = {isa = PBXFileReference; lastKnownFileType = sourcecode.c.objc; path = ViewController.m; sourceTree = "<group>"; };
		5105E8CA1DFEDB4E0020E107 /* Base */ = {isa = PBXFileReference; lastKnownFileType = file.storyboard; name = Base; path = Base.lproj/Main.storyboard; sourceTree = "<group>"; };
		5105E8CC1DFEDB4E0020E107 /* Assets.xcassets */ = {isa = PBXFileReference; lastKnownFileType = folder.assetcatalog; path = Assets.xcassets; sourceTree = "<group>"; };
		5105E8CF1DFEDB4E0020E107 /* Base */ = {isa = PBXFileReference; lastKnownFileType = file.storyboard; name = Base; path = Base.lproj/LaunchScreen.storyboard; sourceTree = "<group>"; };
		5105E8D11DFEDB4E0020E107 /* Info.plist */ = {isa = PBXFileReference; lastKnownFileType = text.plist.xml; path = Info.plist; sourceTree = "<group>"; };
		5105E8D61DFEDB4F0020E107 /* OCDesignModeExampleTests.xctest */ = {isa = PBXFileReference; explicitFileType = wrapper.cfbundle; includeInIndex = 0; path = OCDesignModeExampleTests.xctest; sourceTree = BUILT_PRODUCTS_DIR; };
		5105E8DA1DFEDB4F0020E107 /* OCDesignModeExampleTests.m */ = {isa = PBXFileReference; lastKnownFileType = sourcecode.c.objc; path = OCDesignModeExampleTests.m; sourceTree = "<group>"; };
		5105E8DC1DFEDB4F0020E107 /* Info.plist */ = {isa = PBXFileReference; lastKnownFileType = text.plist.xml; path = Info.plist; sourceTree = "<group>"; };
		5105E8E11DFEDB4F0020E107 /* OCDesignModeExampleUITests.xctest */ = {isa = PBXFileReference; explicitFileType = wrapper.cfbundle; includeInIndex = 0; path = OCDesignModeExampleUITests.xctest; sourceTree = BUILT_PRODUCTS_DIR; };
		5105E8E51DFEDB4F0020E107 /* OCDesignModeExampleUITests.m */ = {isa = PBXFileReference; lastKnownFileType = sourcecode.c.objc; path = OCDesignModeExampleUITests.m; sourceTree = "<group>"; };
		5105E8E71DFEDB4F0020E107 /* Info.plist */ = {isa = PBXFileReference; lastKnownFileType = text.plist.xml; path = Info.plist; sourceTree = "<group>"; };
		5105E8F31DFEDEB10020E107 /* MainListViewController.h */ = {isa = PBXFileReference; fileEncoding = 4; lastKnownFileType = sourcecode.c.h; path = MainListViewController.h; sourceTree = "<group>"; };
		5105E8F41DFEDEB10020E107 /* MainListViewController.m */ = {isa = PBXFileReference; fileEncoding = 4; lastKnownFileType = sourcecode.c.objc; path = MainListViewController.m; sourceTree = "<group>"; };
		5105E8FA1DFEE00F0020E107 /* BaseListViewController.h */ = {isa = PBXFileReference; fileEncoding = 4; lastKnownFileType = sourcecode.c.h; path = BaseListViewController.h; sourceTree = "<group>"; };
		5105E8FB1DFEE00F0020E107 /* BaseListViewController.m */ = {isa = PBXFileReference; fileEncoding = 4; lastKnownFileType = sourcecode.c.objc; path = BaseListViewController.m; sourceTree = "<group>"; };
		5105E8FD1DFEEB0A0020E107 /* RecordViewController.h */ = {isa = PBXFileReference; fileEncoding = 4; lastKnownFileType = sourcecode.c.h; path = RecordViewController.h; sourceTree = "<group>"; };
		5105E8FE1DFEEB0A0020E107 /* RecordViewController.m */ = {isa = PBXFileReference; fileEncoding = 4; lastKnownFileType = sourcecode.c.objc; path = RecordViewController.m; sourceTree = "<group>"; };
		5105E9041DFEF0D30020E107 /* btnSelectedImg.png */ = {isa = PBXFileReference; lastKnownFileType = image.png; path = btnSelectedImg.png; sourceTree = "<group>"; };
		511132A91E2677050084E6E4 /* gamePlayer.h */ = {isa = PBXFileReference; fileEncoding = 4; lastKnownFileType = sourcecode.c.h; path = gamePlayer.h; sourceTree = "<group>"; };
		511132AA1E2677050084E6E4 /* gamePlayer.m */ = {isa = PBXFileReference; fileEncoding = 4; lastKnownFileType = sourcecode.c.objc; path = gamePlayer.m; sourceTree = "<group>"; };
		511132AC1E2677960084E6E4 /* memenTo.h */ = {isa = PBXFileReference; fileEncoding = 4; lastKnownFileType = sourcecode.c.h; path = memenTo.h; sourceTree = "<group>"; };
		511132AD1E2677960084E6E4 /* memenTo.m */ = {isa = PBXFileReference; fileEncoding = 4; lastKnownFileType = sourcecode.c.objc; path = memenTo.m; sourceTree = "<group>"; };
		511132AF1E26790E0084E6E4 /* memenToCreateTaker.h */ = {isa = PBXFileReference; fileEncoding = 4; lastKnownFileType = sourcecode.c.h; path = memenToCreateTaker.h; sourceTree = "<group>"; };
		511132B01E26790E0084E6E4 /* memenToCreateTaker.m */ = {isa = PBXFileReference; fileEncoding = 4; lastKnownFileType = sourcecode.c.objc; path = memenToCreateTaker.m; sourceTree = "<group>"; };
		511132B21E2679FD0084E6E4 /* process.h */ = {isa = PBXFileReference; fileEncoding = 4; lastKnownFileType = sourcecode.c.h; path = process.h; sourceTree = "<group>"; };
		511132B31E2679FD0084E6E4 /* process.m */ = {isa = PBXFileReference; fileEncoding = 4; lastKnownFileType = sourcecode.c.objc; path = process.m; sourceTree = "<group>"; };
		51D118831E25194C004C0CB6 /* CashSuper.h */ = {isa = PBXFileReference; fileEncoding = 4; lastKnownFileType = sourcecode.c.h; path = CashSuper.h; sourceTree = "<group>"; };
		51D118841E25194C004C0CB6 /* CashSuper.m */ = {isa = PBXFileReference; fileEncoding = 4; lastKnownFileType = sourcecode.c.objc; path = CashSuper.m; sourceTree = "<group>"; };
		51D118861E2519C8004C0CB6 /* CashNormal.h */ = {isa = PBXFileReference; fileEncoding = 4; lastKnownFileType = sourcecode.c.h; path = CashNormal.h; sourceTree = "<group>"; };
		51D118871E2519C8004C0CB6 /* CashNormal.m */ = {isa = PBXFileReference; fileEncoding = 4; lastKnownFileType = sourcecode.c.objc; path = CashNormal.m; sourceTree = "<group>"; };
		51D118891E251A0B004C0CB6 /* CashRebate.h */ = {isa = PBXFileReference; fileEncoding = 4; lastKnownFileType = sourcecode.c.h; path = CashRebate.h; sourceTree = "<group>"; };
		51D1188A1E251A0B004C0CB6 /* CashRebate.m */ = {isa = PBXFileReference; fileEncoding = 4; lastKnownFileType = sourcecode.c.objc; path = CashRebate.m; sourceTree = "<group>"; };
		51D1188C1E251A23004C0CB6 /* CashReturn.h */ = {isa = PBXFileReference; fileEncoding = 4; lastKnownFileType = sourcecode.c.h; path = CashReturn.h; sourceTree = "<group>"; };
		51D1188D1E251A23004C0CB6 /* CashReturn.m */ = {isa = PBXFileReference; fileEncoding = 4; lastKnownFileType = sourcecode.c.objc; path = CashReturn.m; sourceTree = "<group>"; };
		51D1188F1E251A3B004C0CB6 /* CashContext.h */ = {isa = PBXFileReference; fileEncoding = 4; lastKnownFileType = sourcecode.c.h; path = CashContext.h; sourceTree = "<group>"; };
		51D118901E251A3B004C0CB6 /* CashContext.m */ = {isa = PBXFileReference; fileEncoding = 4; lastKnownFileType = sourcecode.c.objc; path = CashContext.m; sourceTree = "<group>"; };
		51D118951E2521F2004C0CB6 /* StrategyViewController.h */ = {isa = PBXFileReference; fileEncoding = 4; lastKnownFileType = sourcecode.c.h; path = StrategyViewController.h; sourceTree = "<group>"; };
		51D118961E2521F2004C0CB6 /* StrategyViewController.m */ = {isa = PBXFileReference; fileEncoding = 4; lastKnownFileType = sourcecode.c.objc; path = StrategyViewController.m; sourceTree = "<group>"; };
		51FA32C01E6C0672006E8CFF /* BaseOperation.h */ = {isa = PBXFileReference; fileEncoding = 4; lastKnownFileType = sourcecode.c.h; path = BaseOperation.h; sourceTree = "<group>"; };
		51FA32C11E6C0672006E8CFF /* BaseOperation.m */ = {isa = PBXFileReference; fileEncoding = 4; lastKnownFileType = sourcecode.c.objc; path = BaseOperation.m; sourceTree = "<group>"; };
		51FA32C31E6C06F7006E8CFF /* AddOperation.h */ = {isa = PBXFileReference; fileEncoding = 4; lastKnownFileType = sourcecode.c.h; path = AddOperation.h; sourceTree = "<group>"; };
		51FA32C41E6C06F7006E8CFF /* AddOperation.m */ = {isa = PBXFileReference; fileEncoding = 4; lastKnownFileType = sourcecode.c.objc; path = AddOperation.m; sourceTree = "<group>"; };
		51FA32C61E6C0722006E8CFF /* SubOperation.h */ = {isa = PBXFileReference; fileEncoding = 4; lastKnownFileType = sourcecode.c.h; path = SubOperation.h; sourceTree = "<group>"; };
		51FA32C71E6C0722006E8CFF /* SubOperation.m */ = {isa = PBXFileReference; fileEncoding = 4; lastKnownFileType = sourcecode.c.objc; path = SubOperation.m; sourceTree = "<group>"; };
		51FA32C91E6C0743006E8CFF /* MulOperation.h */ = {isa = PBXFileReference; fileEncoding = 4; lastKnownFileType = sourcecode.c.h; path = MulOperation.h; sourceTree = "<group>"; };
		51FA32CA1E6C0743006E8CFF /* MulOperation.m */ = {isa = PBXFileReference; fileEncoding = 4; lastKnownFileType = sourcecode.c.objc; path = MulOperation.m; sourceTree = "<group>"; };
		51FA32CC1E6C0753006E8CFF /* DivOperation.h */ = {isa = PBXFileReference; fileEncoding = 4; lastKnownFileType = sourcecode.c.h; path = DivOperation.h; sourceTree = "<group>"; };
		51FA32CD1E6C0753006E8CFF /* DivOperation.m */ = {isa = PBXFileReference; fileEncoding = 4; lastKnownFileType = sourcecode.c.objc; path = DivOperation.m; sourceTree = "<group>"; };
		51FA32CF1E6C07C4006E8CFF /* OperationFactory.h */ = {isa = PBXFileReference; fileEncoding = 4; lastKnownFileType = sourcecode.c.h; path = OperationFactory.h; sourceTree = "<group>"; };
		51FA32D01E6C07C4006E8CFF /* OperationFactory.m */ = {isa = PBXFileReference; fileEncoding = 4; lastKnownFileType = sourcecode.c.objc; path = OperationFactory.m; sourceTree = "<group>"; };
		51FA32D21E6C09D3006E8CFF /* SimpleFactoryViewController.h */ = {isa = PBXFileReference; fileEncoding = 4; lastKnownFileType = sourcecode.c.h; path = SimpleFactoryViewController.h; sourceTree = "<group>"; };
		51FA32D31E6C09D3006E8CFF /* SimpleFactoryViewController.m */ = {isa = PBXFileReference; fileEncoding = 4; lastKnownFileType = sourcecode.c.objc; path = SimpleFactoryViewController.m; sourceTree = "<group>"; };
		539C26155200ECE6A58154FF /* Pods-OCDesignModeExample.debug.xcconfig */ = {isa = PBXFileReference; includeInIndex = 1; lastKnownFileType = text.xcconfig; name = "Pods-OCDesignModeExample.debug.xcconfig"; path = "Pods/Target Support Files/Pods-OCDesignModeExample/Pods-OCDesignModeExample.debug.xcconfig"; sourceTree = "<group>"; };
		672F062E9F5629B0E5F8A07F /* Pods-OCDesignModeExampleUITests.release.xcconfig */ = {isa = PBXFileReference; includeInIndex = 1; lastKnownFileType = text.xcconfig; name = "Pods-OCDesignModeExampleUITests.release.xcconfig"; path = "Pods/Target Support Files/Pods-OCDesignModeExampleUITests/Pods-OCDesignModeExampleUITests.release.xcconfig"; sourceTree = "<group>"; };
		706537E3DCCD704A96EE4F35 /* Pods-OCDesignModeExample.release.xcconfig */ = {isa = PBXFileReference; includeInIndex = 1; lastKnownFileType = text.xcconfig; name = "Pods-OCDesignModeExample.release.xcconfig"; path = "Pods/Target Support Files/Pods-OCDesignModeExample/Pods-OCDesignModeExample.release.xcconfig"; sourceTree = "<group>"; };
		925F4F4165ABB82248AFB4C9 /* Pods-OCDesignModeExampleTests.debug.xcconfig */ = {isa = PBXFileReference; includeInIndex = 1; lastKnownFileType = text.xcconfig; name = "Pods-OCDesignModeExampleTests.debug.xcconfig"; path = "Pods/Target Support Files/Pods-OCDesignModeExampleTests/Pods-OCDesignModeExampleTests.debug.xcconfig"; sourceTree = "<group>"; };
		9B7396243DF5E752AD80D1F1 /* libPods-OCDesignModeExampleUITests.a */ = {isa = PBXFileReference; explicitFileType = archive.ar; includeInIndex = 0; path = "libPods-OCDesignModeExampleUITests.a"; sourceTree = BUILT_PRODUCTS_DIR; };
		9E2BE04B3D14860F9204563B /* Pods-OCDesignModeExampleUITests.debug.xcconfig */ = {isa = PBXFileReference; includeInIndex = 1; lastKnownFileType = text.xcconfig; name = "Pods-OCDesignModeExampleUITests.debug.xcconfig"; path = "Pods/Target Support Files/Pods-OCDesignModeExampleUITests/Pods-OCDesignModeExampleUITests.debug.xcconfig"; sourceTree = "<group>"; };
		B168CF72ACAD26C5C41E83C6 /* Pods-OCDesignModeExampleTests.release.xcconfig */ = {isa = PBXFileReference; includeInIndex = 1; lastKnownFileType = text.xcconfig; name = "Pods-OCDesignModeExampleTests.release.xcconfig"; path = "Pods/Target Support Files/Pods-OCDesignModeExampleTests/Pods-OCDesignModeExampleTests.release.xcconfig"; sourceTree = "<group>"; };
		B26E188B640EC53E7D915DF6 /* libPods-OCDesignModeExample.a */ = {isa = PBXFileReference; explicitFileType = archive.ar; includeInIndex = 0; path = "libPods-OCDesignModeExample.a"; sourceTree = BUILT_PRODUCTS_DIR; };
		C11EB5571E08C61D00314BBA /* ElementPoolArray.h */ = {isa = PBXFileReference; fileEncoding = 4; lastKnownFileType = sourcecode.c.h; path = ElementPoolArray.h; sourceTree = "<group>"; };
		C11EB5581E08C61D00314BBA /* ElementPoolArray.m */ = {isa = PBXFileReference; fileEncoding = 4; lastKnownFileType = sourcecode.c.objc; path = ElementPoolArray.m; sourceTree = "<group>"; };
		C11EB55A1E08C63800314BBA /* BaseElement.h */ = {isa = PBXFileReference; fileEncoding = 4; lastKnownFileType = sourcecode.c.h; path = BaseElement.h; sourceTree = "<group>"; };
		C11EB55B1E08C63800314BBA /* BaseElement.m */ = {isa = PBXFileReference; fileEncoding = 4; lastKnownFileType = sourcecode.c.objc; path = BaseElement.m; sourceTree = "<group>"; };
		C11EB55D1E08C64D00314BBA /* BaseVisitor.h */ = {isa = PBXFileReference; fileEncoding = 4; lastKnownFileType = sourcecode.c.h; path = BaseVisitor.h; sourceTree = "<group>"; };
		C11EB55E1E08C64D00314BBA /* BaseVisitor.m */ = {isa = PBXFileReference; fileEncoding = 4; lastKnownFileType = sourcecode.c.objc; path = BaseVisitor.m; sourceTree = "<group>"; };
		C11EB5601E08C7B700314BBA /* StringElement.h */ = {isa = PBXFileReference; fileEncoding = 4; lastKnownFileType = sourcecode.c.h; path = StringElement.h; sourceTree = "<group>"; };
		C11EB5611E08C7B700314BBA /* StringElement.m */ = {isa = PBXFileReference; fileEncoding = 4; lastKnownFileType = sourcecode.c.objc; path = StringElement.m; sourceTree = "<group>"; };
		C11EB5631E08C80800314BBA /* NumberElement.h */ = {isa = PBXFileReference; fileEncoding = 4; lastKnownFileType = sourcecode.c.h; path = NumberElement.h; sourceTree = "<group>"; };
		C11EB5641E08C80800314BBA /* NumberElement.m */ = {isa = PBXFileReference; fileEncoding = 4; lastKnownFileType = sourcecode.c.objc; path = NumberElement.m; sourceTree = "<group>"; };
		C11EB5661E08C84800314BBA /* VisitorA.h */ = {isa = PBXFileReference; fileEncoding = 4; lastKnownFileType = sourcecode.c.h; path = VisitorA.h; sourceTree = "<group>"; };
		C11EB5671E08C84800314BBA /* VisitorA.m */ = {isa = PBXFileReference; fileEncoding = 4; lastKnownFileType = sourcecode.c.objc; path = VisitorA.m; sourceTree = "<group>"; };
		C11EB5691E08C89800314BBA /* VisitorB.h */ = {isa = PBXFileReference; fileEncoding = 4; lastKnownFileType = sourcecode.c.h; path = VisitorB.h; sourceTree = "<group>"; };
		C11EB56A1E08C89800314BBA /* VisitorB.m */ = {isa = PBXFileReference; fileEncoding = 4; lastKnownFileType = sourcecode.c.objc; path = VisitorB.m; sourceTree = "<group>"; };
		C11EB56C1E08C8B900314BBA /* VisitorViewController.h */ = {isa = PBXFileReference; fileEncoding = 4; lastKnownFileType = sourcecode.c.h; path = VisitorViewController.h; sourceTree = "<group>"; };
		C11EB56D1E08C8B900314BBA /* VisitorViewController.m */ = {isa = PBXFileReference; fileEncoding = 4; lastKnownFileType = sourcecode.c.objc; path = VisitorViewController.m; sourceTree = "<group>"; };
		C14956391E00F84A00760ABC /* RecodePool.h */ = {isa = PBXFileReference; fileEncoding = 4; lastKnownFileType = sourcecode.c.h; path = RecodePool.h; sourceTree = "<group>"; };
		C149563A1E00F84A00760ABC /* RecodePool.m */ = {isa = PBXFileReference; fileEncoding = 4; lastKnownFileType = sourcecode.c.objc; path = RecodePool.m; sourceTree = "<group>"; };
		C149563B1E00F84A00760ABC /* RecordItem.h */ = {isa = PBXFileReference; fileEncoding = 4; lastKnownFileType = sourcecode.c.h; path = RecordItem.h; sourceTree = "<group>"; };
		C149563C1E00F84A00760ABC /* RecordItem.m */ = {isa = PBXFileReference; fileEncoding = 4; lastKnownFileType = sourcecode.c.objc; path = RecordItem.m; sourceTree = "<group>"; };
		C14956401E00F87B00760ABC /* TextViewWraper.h */ = {isa = PBXFileReference; fileEncoding = 4; lastKnownFileType = sourcecode.c.h; path = TextViewWraper.h; sourceTree = "<group>"; };
		C14956411E00F87B00760ABC /* TextViewWraper.m */ = {isa = PBXFileReference; fileEncoding = 4; lastKnownFileType = sourcecode.c.objc; path = TextViewWraper.m; sourceTree = "<group>"; };
		C14956431E00F89400760ABC /* LabelWrapper.h */ = {isa = PBXFileReference; fileEncoding = 4; lastKnownFileType = sourcecode.c.h; path = LabelWrapper.h; sourceTree = "<group>"; };
		C14956441E00F89400760ABC /* LabelWrapper.m */ = {isa = PBXFileReference; fileEncoding = 4; lastKnownFileType = sourcecode.c.objc; path = LabelWrapper.m; sourceTree = "<group>"; };
		C14956461E00F8E700760ABC /* MediaCollegeProtocol.h */ = {isa = PBXFileReference; fileEncoding = 4; lastKnownFileType = sourcecode.c.h; path = MediaCollegeProtocol.h; sourceTree = "<group>"; };
		C14956471E01175800760ABC /* MediaCenter.h */ = {isa = PBXFileReference; fileEncoding = 4; lastKnownFileType = sourcecode.c.h; path = MediaCenter.h; sourceTree = "<group>"; };
		C14956481E01175800760ABC /* MediaCenter.m */ = {isa = PBXFileReference; fileEncoding = 4; lastKnownFileType = sourcecode.c.objc; path = MediaCenter.m; sourceTree = "<group>"; };
		C1CA072A1E016F5400C2627F /* MediaViewController.h */ = {isa = PBXFileReference; fileEncoding = 4; lastKnownFileType = sourcecode.c.h; path = MediaViewController.h; sourceTree = "<group>"; };
		C1CA072B1E016F5400C2627F /* MediaViewController.m */ = {isa = PBXFileReference; fileEncoding = 4; lastKnownFileType = sourcecode.c.objc; path = MediaViewController.m; sourceTree = "<group>"; };
		C1E4EEE51DFF8BEB004B4E89 /* TempletViewController.h */ = {isa = PBXFileReference; fileEncoding = 4; lastKnownFileType = sourcecode.c.h; path = TempletViewController.h; sourceTree = "<group>"; };
		C1E4EEE61DFF8BEB004B4E89 /* TempletViewController.m */ = {isa = PBXFileReference; fileEncoding = 4; lastKnownFileType = sourcecode.c.objc; path = TempletViewController.m; sourceTree = "<group>"; };
/* End PBXFileReference section */

/* Begin PBXFrameworksBuildPhase section */
		5105E8BA1DFEDB4E0020E107 /* Frameworks */ = {
			isa = PBXFrameworksBuildPhase;
			buildActionMask = 2147483647;
			files = (
				A4FED705B1B16D84643EFB02 /* libPods-OCDesignModeExample.a in Frameworks */,
			);
			runOnlyForDeploymentPostprocessing = 0;
		};
		5105E8D31DFEDB4F0020E107 /* Frameworks */ = {
			isa = PBXFrameworksBuildPhase;
			buildActionMask = 2147483647;
			files = (
				67B4EEF68EF98BB8ADB852C4 /* libPods-OCDesignModeExampleTests.a in Frameworks */,
			);
			runOnlyForDeploymentPostprocessing = 0;
		};
		5105E8DE1DFEDB4F0020E107 /* Frameworks */ = {
			isa = PBXFrameworksBuildPhase;
			buildActionMask = 2147483647;
			files = (
				871F30012E143442CEA06676 /* libPods-OCDesignModeExampleUITests.a in Frameworks */,
			);
			runOnlyForDeploymentPostprocessing = 0;
		};
/* End PBXFrameworksBuildPhase section */

/* Begin PBXGroup section */
		5105E8B41DFEDB4E0020E107 = {
			isa = PBXGroup;
			children = (
				5105E8BF1DFEDB4E0020E107 /* OCDesignModeExample */,
				5105E8D91DFEDB4F0020E107 /* OCDesignModeExampleTests */,
				5105E8E41DFEDB4F0020E107 /* OCDesignModeExampleUITests */,
				5105E8BE1DFEDB4E0020E107 /* Products */,
				F99EE186A36EFCB2C0F5FA74 /* Pods */,
				A94B3FEA0C58DEA37F9CC4EB /* Frameworks */,
			);
			sourceTree = "<group>";
		};
		5105E8BE1DFEDB4E0020E107 /* Products */ = {
			isa = PBXGroup;
			children = (
				5105E8BD1DFEDB4E0020E107 /* OCDesignModeExample.app */,
				5105E8D61DFEDB4F0020E107 /* OCDesignModeExampleTests.xctest */,
				5105E8E11DFEDB4F0020E107 /* OCDesignModeExampleUITests.xctest */,
			);
			name = Products;
			sourceTree = "<group>";
		};
		5105E8BF1DFEDB4E0020E107 /* OCDesignModeExample */ = {
			isa = PBXGroup;
			children = (
				C192FF7B206E6FEE00E0554A /* simpleFactory */,
				C192FF79206E6FC000E0554A /* strategy */,
				C192FF77206E6F9800E0554A /* visitor */,
				C192FF75206E6F6400E0554A /* media */,
				C192FF73206E6F0E00E0554A /* record */,
				C192FF72206E6EE600E0554A /* template */,
				5105E9041DFEF0D30020E107 /* btnSelectedImg.png */,
				5105E8F91DFEDFF60020E107 /* Base */,
				5105E8F31DFEDEB10020E107 /* MainListViewController.h */,
				5105E8F41DFEDEB10020E107 /* MainListViewController.m */,
				5105E8C31DFEDB4E0020E107 /* AppDelegate.h */,
				5105E8C41DFEDB4E0020E107 /* AppDelegate.m */,
				5105E8C61DFEDB4E0020E107 /* ViewController.h */,
				5105E8C71DFEDB4E0020E107 /* ViewController.m */,
				5105E8C91DFEDB4E0020E107 /* Main.storyboard */,
				5105E8CC1DFEDB4E0020E107 /* Assets.xcassets */,
				5105E8CE1DFEDB4E0020E107 /* LaunchScreen.storyboard */,
				5105E8D11DFEDB4E0020E107 /* Info.plist */,
				5105E8C01DFEDB4E0020E107 /* Supporting Files */,
			);
			path = OCDesignModeExample;
			sourceTree = "<group>";
		};
		5105E8C01DFEDB4E0020E107 /* Supporting Files */ = {
			isa = PBXGroup;
			children = (
				5105E8C11DFEDB4E0020E107 /* main.m */,
			);
			name = "Supporting Files";
			sourceTree = "<group>";
		};
		5105E8D91DFEDB4F0020E107 /* OCDesignModeExampleTests */ = {
			isa = PBXGroup;
			children = (
				5105E8DA1DFEDB4F0020E107 /* OCDesignModeExampleTests.m */,
				5105E8DC1DFEDB4F0020E107 /* Info.plist */,
			);
			path = OCDesignModeExampleTests;
			sourceTree = "<group>";
		};
		5105E8E41DFEDB4F0020E107 /* OCDesignModeExampleUITests */ = {
			isa = PBXGroup;
			children = (
				5105E8E51DFEDB4F0020E107 /* OCDesignModeExampleUITests.m */,
				5105E8E71DFEDB4F0020E107 /* Info.plist */,
			);
			path = OCDesignModeExampleUITests;
			sourceTree = "<group>";
		};
		5105E8F91DFEDFF60020E107 /* Base */ = {
			isa = PBXGroup;
			children = (
				5105E8FA1DFEE00F0020E107 /* BaseListViewController.h */,
				5105E8FB1DFEE00F0020E107 /* BaseListViewController.m */,
			);
			path = Base;
			sourceTree = "<group>";
		};
		A94B3FEA0C58DEA37F9CC4EB /* Frameworks */ = {
			isa = PBXGroup;
			children = (
				B26E188B640EC53E7D915DF6 /* libPods-OCDesignModeExample.a */,
				21EEF51177C6F43BA99612DD /* libPods-OCDesignModeExampleTests.a */,
				9B7396243DF5E752AD80D1F1 /* libPods-OCDesignModeExampleUITests.a */,
			);
			name = Frameworks;
			sourceTree = "<group>";
		};
		C192FF72206E6EE600E0554A /* template */ = {
			isa = PBXGroup;
			children = (
				C1E4EEE51DFF8BEB004B4E89 /* TempletViewController.h */,
				C1E4EEE61DFF8BEB004B4E89 /* TempletViewController.m */,
			);
			path = template;
			sourceTree = "<group>";
		};
		C192FF73206E6F0E00E0554A /* record */ = {
			isa = PBXGroup;
			children = (
				C192FF74206E6F2A00E0554A /* model */,
				5105E8FD1DFEEB0A0020E107 /* RecordViewController.h */,
				5105E8FE1DFEEB0A0020E107 /* RecordViewController.m */,
			);
			path = record;
			sourceTree = "<group>";
		};
		C192FF74206E6F2A00E0554A /* model */ = {
			isa = PBXGroup;
			children = (
				C14956391E00F84A00760ABC /* RecodePool.h */,
				C149563A1E00F84A00760ABC /* RecodePool.m */,
				C149563B1E00F84A00760ABC /* RecordItem.h */,
				C149563C1E00F84A00760ABC /* RecordItem.m */,
				511132AC1E2677960084E6E4 /* memenTo.h */,
				511132AD1E2677960084E6E4 /* memenTo.m */,
				511132A91E2677050084E6E4 /* gamePlayer.h */,
				511132AA1E2677050084E6E4 /* gamePlayer.m */,
				511132B21E2679FD0084E6E4 /* process.h */,
				511132B31E2679FD0084E6E4 /* process.m */,
				511132B01E26790E0084E6E4 /* memenToCreateTaker.m */,
				511132AF1E26790E0084E6E4 /* memenToCreateTaker.h */,
			);
			path = model;
			sourceTree = "<group>";
		};
		C192FF75206E6F6400E0554A /* media */ = {
			isa = PBXGroup;
			children = (
				C192FF76206E6F7B00E0554A /* model */,
				C1CA072A1E016F5400C2627F /* MediaViewController.h */,
				C1CA072B1E016F5400C2627F /* MediaViewController.m */,
			);
			path = media;
			sourceTree = "<group>";
		};
		C192FF76206E6F7B00E0554A /* model */ = {
			isa = PBXGroup;
			children = (
				C14956401E00F87B00760ABC /* TextViewWraper.h */,
				C14956411E00F87B00760ABC /* TextViewWraper.m */,
				C14956431E00F89400760ABC /* LabelWrapper.h */,
				C14956441E00F89400760ABC /* LabelWrapper.m */,
				C14956461E00F8E700760ABC /* MediaCollegeProtocol.h */,
				C14956471E01175800760ABC /* MediaCenter.h */,
				C14956481E01175800760ABC /* MediaCenter.m */,
			);
			path = model;
			sourceTree = "<group>";
		};
		C192FF77206E6F9800E0554A /* visitor */ = {
			isa = PBXGroup;
			children = (
				C192FF78206E6FA900E0554A /* model */,
				C11EB56C1E08C8B900314BBA /* VisitorViewController.h */,
				C11EB56D1E08C8B900314BBA /* VisitorViewController.m */,
			);
			path = visitor;
			sourceTree = "<group>";
		};
		C192FF78206E6FA900E0554A /* model */ = {
			isa = PBXGroup;
			children = (
				C11EB5571E08C61D00314BBA /* ElementPoolArray.h */,
				C11EB5581E08C61D00314BBA /* ElementPoolArray.m */,
				C11EB55A1E08C63800314BBA /* BaseElement.h */,
				C11EB55B1E08C63800314BBA /* BaseElement.m */,
				C11EB55D1E08C64D00314BBA /* BaseVisitor.h */,
				C11EB55E1E08C64D00314BBA /* BaseVisitor.m */,
				C11EB5601E08C7B700314BBA /* StringElement.h */,
				C11EB5611E08C7B700314BBA /* StringElement.m */,
				C11EB5631E08C80800314BBA /* NumberElement.h */,
				C11EB5641E08C80800314BBA /* NumberElement.m */,
				C11EB5661E08C84800314BBA /* VisitorA.h */,
				C11EB5671E08C84800314BBA /* VisitorA.m */,
				C11EB5691E08C89800314BBA /* VisitorB.h */,
				C11EB56A1E08C89800314BBA /* VisitorB.m */,
			);
			path = model;
			sourceTree = "<group>";
		};
		C192FF79206E6FC000E0554A /* strategy */ = {
			isa = PBXGroup;
			children = (
				C192FF7A206E6FDA00E0554A /* model */,
				51D118951E2521F2004C0CB6 /* StrategyViewController.h */,
				51D118961E2521F2004C0CB6 /* StrategyViewController.m */,
			);
			path = strategy;
			sourceTree = "<group>";
		};
		C192FF7A206E6FDA00E0554A /* model */ = {
			isa = PBXGroup;
			children = (
				51D118831E25194C004C0CB6 /* CashSuper.h */,
				51D118841E25194C004C0CB6 /* CashSuper.m */,
				51D118861E2519C8004C0CB6 /* CashNormal.h */,
				51D118871E2519C8004C0CB6 /* CashNormal.m */,
				51D118891E251A0B004C0CB6 /* CashRebate.h */,
				51D1188A1E251A0B004C0CB6 /* CashRebate.m */,
				51D1188C1E251A23004C0CB6 /* CashReturn.h */,
				51D1188D1E251A23004C0CB6 /* CashReturn.m */,
				51D1188F1E251A3B004C0CB6 /* CashContext.h */,
				51D118901E251A3B004C0CB6 /* CashContext.m */,
			);
			path = model;
			sourceTree = "<group>";
		};
		C192FF7B206E6FEE00E0554A /* simpleFactory */ = {
			isa = PBXGroup;
			children = (
				C192FF7C206E6FFD00E0554A /* model */,
				51FA32D21E6C09D3006E8CFF /* SimpleFactoryViewController.h */,
				51FA32D31E6C09D3006E8CFF /* SimpleFactoryViewController.m */,
			);
			path = simpleFactory;
			sourceTree = "<group>";
		};
		C192FF7C206E6FFD00E0554A /* model */ = {
			isa = PBXGroup;
			children = (
				51FA32C01E6C0672006E8CFF /* BaseOperation.h */,
				51FA32C11E6C0672006E8CFF /* BaseOperation.m */,
				51FA32C31E6C06F7006E8CFF /* AddOperation.h */,
				51FA32C41E6C06F7006E8CFF /* AddOperation.m */,
				51FA32C61E6C0722006E8CFF /* SubOperation.h */,
				51FA32C71E6C0722006E8CFF /* SubOperation.m */,
				51FA32C91E6C0743006E8CFF /* MulOperation.h */,
				51FA32CA1E6C0743006E8CFF /* MulOperation.m */,
				51FA32CC1E6C0753006E8CFF /* DivOperation.h */,
				51FA32CD1E6C0753006E8CFF /* DivOperation.m */,
				51FA32CF1E6C07C4006E8CFF /* OperationFactory.h */,
				51FA32D01E6C07C4006E8CFF /* OperationFactory.m */,
			);
			path = model;
			sourceTree = "<group>";
		};
		F99EE186A36EFCB2C0F5FA74 /* Pods */ = {
			isa = PBXGroup;
			children = (
				539C26155200ECE6A58154FF /* Pods-OCDesignModeExample.debug.xcconfig */,
				706537E3DCCD704A96EE4F35 /* Pods-OCDesignModeExample.release.xcconfig */,
				925F4F4165ABB82248AFB4C9 /* Pods-OCDesignModeExampleTests.debug.xcconfig */,
				B168CF72ACAD26C5C41E83C6 /* Pods-OCDesignModeExampleTests.release.xcconfig */,
				9E2BE04B3D14860F9204563B /* Pods-OCDesignModeExampleUITests.debug.xcconfig */,
				672F062E9F5629B0E5F8A07F /* Pods-OCDesignModeExampleUITests.release.xcconfig */,
			);
			name = Pods;
			sourceTree = "<group>";
		};
/* End PBXGroup section */

/* Begin PBXNativeTarget section */
		5105E8BC1DFEDB4E0020E107 /* OCDesignModeExample */ = {
			isa = PBXNativeTarget;
			buildConfigurationList = 5105E8EA1DFEDB4F0020E107 /* Build configuration list for PBXNativeTarget "OCDesignModeExample" */;
			buildPhases = (
				7B8D5834D47E90804B2A8293 /* [CP] Check Pods Manifest.lock */,
				5105E8B91DFEDB4E0020E107 /* Sources */,
				5105E8BA1DFEDB4E0020E107 /* Frameworks */,
				5105E8BB1DFEDB4E0020E107 /* Resources */,
				092362ED388D4238CCEBA726 /* [CP] Embed Pods Frameworks */,
				7D763F7C680874D0159F2FE8 /* [CP] Copy Pods Resources */,
			);
			buildRules = (
			);
			dependencies = (
			);
			name = OCDesignModeExample;
			productName = OCDesignModeExample;
			productReference = 5105E8BD1DFEDB4E0020E107 /* OCDesignModeExample.app */;
			productType = "com.apple.product-type.application";
		};
		5105E8D51DFEDB4F0020E107 /* OCDesignModeExampleTests */ = {
			isa = PBXNativeTarget;
			buildConfigurationList = 5105E8ED1DFEDB4F0020E107 /* Build configuration list for PBXNativeTarget "OCDesignModeExampleTests" */;
			buildPhases = (
				23A3F6CA03D9F7D3E8198F48 /* [CP] Check Pods Manifest.lock */,
				5105E8D21DFEDB4F0020E107 /* Sources */,
				5105E8D31DFEDB4F0020E107 /* Frameworks */,
				5105E8D41DFEDB4F0020E107 /* Resources */,
				AC6B724547AAB0D6EEC520ED /* [CP] Embed Pods Frameworks */,
				5ABC6E51A38BF2DE3A8B1925 /* [CP] Copy Pods Resources */,
			);
			buildRules = (
			);
			dependencies = (
				5105E8D81DFEDB4F0020E107 /* PBXTargetDependency */,
			);
			name = OCDesignModeExampleTests;
			productName = OCDesignModeExampleTests;
			productReference = 5105E8D61DFEDB4F0020E107 /* OCDesignModeExampleTests.xctest */;
			productType = "com.apple.product-type.bundle.unit-test";
		};
		5105E8E01DFEDB4F0020E107 /* OCDesignModeExampleUITests */ = {
			isa = PBXNativeTarget;
			buildConfigurationList = 5105E8F01DFEDB4F0020E107 /* Build configuration list for PBXNativeTarget "OCDesignModeExampleUITests" */;
			buildPhases = (
				0CE0B77D09740AD8033D3442 /* [CP] Check Pods Manifest.lock */,
				5105E8DD1DFEDB4F0020E107 /* Sources */,
				5105E8DE1DFEDB4F0020E107 /* Frameworks */,
				5105E8DF1DFEDB4F0020E107 /* Resources */,
				043F5E6151E9A932C37DEFFD /* [CP] Embed Pods Frameworks */,
				5D836122A8BE6049E48EE649 /* [CP] Copy Pods Resources */,
			);
			buildRules = (
			);
			dependencies = (
				5105E8E31DFEDB4F0020E107 /* PBXTargetDependency */,
			);
			name = OCDesignModeExampleUITests;
			productName = OCDesignModeExampleUITests;
			productReference = 5105E8E11DFEDB4F0020E107 /* OCDesignModeExampleUITests.xctest */;
			productType = "com.apple.product-type.bundle.ui-testing";
		};
/* End PBXNativeTarget section */

/* Begin PBXProject section */
		5105E8B51DFEDB4E0020E107 /* Project object */ = {
			isa = PBXProject;
			attributes = {
				LastUpgradeCheck = 0730;
				ORGANIZATIONNAME = mw;
				TargetAttributes = {
					5105E8BC1DFEDB4E0020E107 = {
						CreatedOnToolsVersion = 7.3.1;
					};
					5105E8D51DFEDB4F0020E107 = {
						CreatedOnToolsVersion = 7.3.1;
						TestTargetID = 5105E8BC1DFEDB4E0020E107;
					};
					5105E8E01DFEDB4F0020E107 = {
						CreatedOnToolsVersion = 7.3.1;
						TestTargetID = 5105E8BC1DFEDB4E0020E107;
					};
				};
			};
			buildConfigurationList = 5105E8B81DFEDB4E0020E107 /* Build configuration list for PBXProject "OCDesignModeExample" */;
			compatibilityVersion = "Xcode 3.2";
			developmentRegion = English;
			hasScannedForEncodings = 0;
			knownRegions = (
				en,
				Base,
			);
			mainGroup = 5105E8B41DFEDB4E0020E107;
			productRefGroup = 5105E8BE1DFEDB4E0020E107 /* Products */;
			projectDirPath = "";
			projectRoot = "";
			targets = (
				5105E8BC1DFEDB4E0020E107 /* OCDesignModeExample */,
				5105E8D51DFEDB4F0020E107 /* OCDesignModeExampleTests */,
				5105E8E01DFEDB4F0020E107 /* OCDesignModeExampleUITests */,
			);
		};
/* End PBXProject section */

/* Begin PBXResourcesBuildPhase section */
		5105E8BB1DFEDB4E0020E107 /* Resources */ = {
			isa = PBXResourcesBuildPhase;
			buildActionMask = 2147483647;
			files = (
				5105E8D01DFEDB4E0020E107 /* LaunchScreen.storyboard in Resources */,
				5105E8CD1DFEDB4E0020E107 /* Assets.xcassets in Resources */,
				5105E8CB1DFEDB4E0020E107 /* Main.storyboard in Resources */,
				5105E9051DFEF0D30020E107 /* btnSelectedImg.png in Resources */,
			);
			runOnlyForDeploymentPostprocessing = 0;
		};
		5105E8D41DFEDB4F0020E107 /* Resources */ = {
			isa = PBXResourcesBuildPhase;
			buildActionMask = 2147483647;
			files = (
			);
			runOnlyForDeploymentPostprocessing = 0;
		};
		5105E8DF1DFEDB4F0020E107 /* Resources */ = {
			isa = PBXResourcesBuildPhase;
			buildActionMask = 2147483647;
			files = (
			);
			runOnlyForDeploymentPostprocessing = 0;
		};
/* End PBXResourcesBuildPhase section */

/* Begin PBXShellScriptBuildPhase section */
		043F5E6151E9A932C37DEFFD /* [CP] Embed Pods Frameworks */ = {
			isa = PBXShellScriptBuildPhase;
			buildActionMask = 2147483647;
			files = (
			);
			inputPaths = (
			);
			name = "[CP] Embed Pods Frameworks";
			outputPaths = (
			);
			runOnlyForDeploymentPostprocessing = 0;
			shellPath = /bin/sh;
			shellScript = "\"${SRCROOT}/Pods/Target Support Files/Pods-OCDesignModeExampleUITests/Pods-OCDesignModeExampleUITests-frameworks.sh\"\n";
			showEnvVarsInLog = 0;
		};
		092362ED388D4238CCEBA726 /* [CP] Embed Pods Frameworks */ = {
			isa = PBXShellScriptBuildPhase;
			buildActionMask = 2147483647;
			files = (
			);
			inputPaths = (
			);
			name = "[CP] Embed Pods Frameworks";
			outputPaths = (
			);
			runOnlyForDeploymentPostprocessing = 0;
			shellPath = /bin/sh;
			shellScript = "\"${SRCROOT}/Pods/Target Support Files/Pods-OCDesignModeExample/Pods-OCDesignModeExample-frameworks.sh\"\n";
			showEnvVarsInLog = 0;
		};
		0CE0B77D09740AD8033D3442 /* [CP] Check Pods Manifest.lock */ = {
			isa = PBXShellScriptBuildPhase;
			buildActionMask = 2147483647;
			files = (
			);
			inputPaths = (
			);
			name = "[CP] Check Pods Manifest.lock";
			outputPaths = (
			);
			runOnlyForDeploymentPostprocessing = 0;
			shellPath = /bin/sh;
			shellScript = "diff \"${PODS_ROOT}/../Podfile.lock\" \"${PODS_ROOT}/Manifest.lock\" > /dev/null\nif [ $? != 0 ] ; then\n    # print error to STDERR\n    echo \"error: The sandbox is not in sync with the Podfile.lock. Run 'pod install' or update your CocoaPods installation.\" >&2\n    exit 1\nfi\n";
			showEnvVarsInLog = 0;
		};
		23A3F6CA03D9F7D3E8198F48 /* [CP] Check Pods Manifest.lock */ = {
			isa = PBXShellScriptBuildPhase;
			buildActionMask = 2147483647;
			files = (
			);
			inputPaths = (
			);
			name = "[CP] Check Pods Manifest.lock";
			outputPaths = (
			);
			runOnlyForDeploymentPostprocessing = 0;
			shellPath = /bin/sh;
			shellScript = "diff \"${PODS_ROOT}/../Podfile.lock\" \"${PODS_ROOT}/Manifest.lock\" > /dev/null\nif [ $? != 0 ] ; then\n    # print error to STDERR\n    echo \"error: The sandbox is not in sync with the Podfile.lock. Run 'pod install' or update your CocoaPods installation.\" >&2\n    exit 1\nfi\n";
			showEnvVarsInLog = 0;
		};
		5ABC6E51A38BF2DE3A8B1925 /* [CP] Copy Pods Resources */ = {
			isa = PBXShellScriptBuildPhase;
			buildActionMask = 2147483647;
			files = (
			);
			inputPaths = (
			);
			name = "[CP] Copy Pods Resources";
			outputPaths = (
			);
			runOnlyForDeploymentPostprocessing = 0;
			shellPath = /bin/sh;
			shellScript = "\"${SRCROOT}/Pods/Target Support Files/Pods-OCDesignModeExampleTests/Pods-OCDesignModeExampleTests-resources.sh\"\n";
			showEnvVarsInLog = 0;
		};
		5D836122A8BE6049E48EE649 /* [CP] Copy Pods Resources */ = {
			isa = PBXShellScriptBuildPhase;
			buildActionMask = 2147483647;
			files = (
			);
			inputPaths = (
			);
			name = "[CP] Copy Pods Resources";
			outputPaths = (
			);
			runOnlyForDeploymentPostprocessing = 0;
			shellPath = /bin/sh;
			shellScript = "\"${SRCROOT}/Pods/Target Support Files/Pods-OCDesignModeExampleUITests/Pods-OCDesignModeExampleUITests-resources.sh\"\n";
			showEnvVarsInLog = 0;
		};
		7B8D5834D47E90804B2A8293 /* [CP] Check Pods Manifest.lock */ = {
			isa = PBXShellScriptBuildPhase;
			buildActionMask = 2147483647;
			files = (
			);
			inputPaths = (
			);
			name = "[CP] Check Pods Manifest.lock";
			outputPaths = (
			);
			runOnlyForDeploymentPostprocessing = 0;
			shellPath = /bin/sh;
			shellScript = "diff \"${PODS_ROOT}/../Podfile.lock\" \"${PODS_ROOT}/Manifest.lock\" > /dev/null\nif [ $? != 0 ] ; then\n    # print error to STDERR\n    echo \"error: The sandbox is not in sync with the Podfile.lock. Run 'pod install' or update your CocoaPods installation.\" >&2\n    exit 1\nfi\n";
			showEnvVarsInLog = 0;
		};
		7D763F7C680874D0159F2FE8 /* [CP] Copy Pods Resources */ = {
			isa = PBXShellScriptBuildPhase;
			buildActionMask = 2147483647;
			files = (
			);
			inputPaths = (
			);
			name = "[CP] Copy Pods Resources";
			outputPaths = (
			);
			runOnlyForDeploymentPostprocessing = 0;
			shellPath = /bin/sh;
			shellScript = "\"${SRCROOT}/Pods/Target Support Files/Pods-OCDesignModeExample/Pods-OCDesignModeExample-resources.sh\"\n";
			showEnvVarsInLog = 0;
		};
		AC6B724547AAB0D6EEC520ED /* [CP] Embed Pods Frameworks */ = {
			isa = PBXShellScriptBuildPhase;
			buildActionMask = 2147483647;
			files = (
			);
			inputPaths = (
			);
			name = "[CP] Embed Pods Frameworks";
			outputPaths = (
			);
			runOnlyForDeploymentPostprocessing = 0;
			shellPath = /bin/sh;
			shellScript = "\"${SRCROOT}/Pods/Target Support Files/Pods-OCDesignModeExampleTests/Pods-OCDesignModeExampleTests-frameworks.sh\"\n";
			showEnvVarsInLog = 0;
		};
/* End PBXShellScriptBuildPhase section */

/* Begin PBXSourcesBuildPhase section */
		5105E8B91DFEDB4E0020E107 /* Sources */ = {
			isa = PBXSourcesBuildPhase;
			buildActionMask = 2147483647;
			files = (
				511132B41E2679FD0084E6E4 /* process.m in Sources */,
				51FA32D41E6C09D3006E8CFF /* SimpleFactoryViewController.m in Sources */,
				5105E8C81DFEDB4E0020E107 /* ViewController.m in Sources */,
				51FA32C81E6C0722006E8CFF /* SubOperation.m in Sources */,
				51D1188B1E251A0B004C0CB6 /* CashRebate.m in Sources */,
				C11EB5651E08C80800314BBA /* NumberElement.m in Sources */,
				51FA32CE1E6C0753006E8CFF /* DivOperation.m in Sources */,
				5105E8FC1DFEE00F0020E107 /* BaseListViewController.m in Sources */,
				C11EB5681E08C84800314BBA /* VisitorA.m in Sources */,
				5105E8C51DFEDB4E0020E107 /* AppDelegate.m in Sources */,
				C11EB55F1E08C64D00314BBA /* BaseVisitor.m in Sources */,
				C149563D1E00F84A00760ABC /* RecodePool.m in Sources */,
				51D118911E251A3B004C0CB6 /* CashContext.m in Sources */,
				C11EB56E1E08C8B900314BBA /* VisitorViewController.m in Sources */,
				C14956451E00F89400760ABC /* LabelWrapper.m in Sources */,
				C11EB5621E08C7B700314BBA /* StringElement.m in Sources */,
				51D118851E25194C004C0CB6 /* CashSuper.m in Sources */,
				C14956491E01175800760ABC /* MediaCenter.m in Sources */,
				5105E8FF1DFEEB0A0020E107 /* RecordViewController.m in Sources */,
				C11EB56B1E08C89800314BBA /* VisitorB.m in Sources */,
				51FA32C51E6C06F7006E8CFF /* AddOperation.m in Sources */,
				51D118881E2519C8004C0CB6 /* CashNormal.m in Sources */,
				51FA32CB1E6C0743006E8CFF /* MulOperation.m in Sources */,
				5105E8C21DFEDB4E0020E107 /* main.m in Sources */,
				C11EB55C1E08C63800314BBA /* BaseElement.m in Sources */,
				51D1188E1E251A23004C0CB6 /* CashReturn.m in Sources */,
				C11EB5591E08C61D00314BBA /* ElementPoolArray.m in Sources */,
				51FA32C21E6C0672006E8CFF /* BaseOperation.m in Sources */,
				C149563E1E00F84A00760ABC /* RecordItem.m in Sources */,
				511132AB1E2677050084E6E4 /* gamePlayer.m in Sources */,
				511132B11E26790E0084E6E4 /* memenToCreateTaker.m in Sources */,
				C1CA072C1E016F5400C2627F /* MediaViewController.m in Sources */,
				511132AE1E2677960084E6E4 /* memenTo.m in Sources */,
				C1E4EEE71DFF8BEB004B4E89 /* TempletViewController.m in Sources */,
				51FA32D11E6C07C4006E8CFF /* OperationFactory.m in Sources */,
				C14956421E00F87B00760ABC /* TextViewWraper.m in Sources */,
				5105E8F51DFEDEB10020E107 /* MainListViewController.m in Sources */,
				51D118971E2521F2004C0CB6 /* StrategyViewController.m in Sources */,
			);
			runOnlyForDeploymentPostprocessing = 0;
		};
		5105E8D21DFEDB4F0020E107 /* Sources */ = {
			isa = PBXSourcesBuildPhase;
			buildActionMask = 2147483647;
			files = (
				5105E8DB1DFEDB4F0020E107 /* OCDesignModeExampleTests.m in Sources */,
			);
			runOnlyForDeploymentPostprocessing = 0;
		};
		5105E8DD1DFEDB4F0020E107 /* Sources */ = {
			isa = PBXSourcesBuildPhase;
			buildActionMask = 2147483647;
			files = (
				5105E8E61DFEDB4F0020E107 /* OCDesignModeExampleUITests.m in Sources */,
			);
			runOnlyForDeploymentPostprocessing = 0;
		};
/* End PBXSourcesBuildPhase section */

/* Begin PBXTargetDependency section */
		5105E8D81DFEDB4F0020E107 /* PBXTargetDependency */ = {
			isa = PBXTargetDependency;
			target = 5105E8BC1DFEDB4E0020E107 /* OCDesignModeExample */;
			targetProxy = 5105E8D71DFEDB4F0020E107 /* PBXContainerItemProxy */;
		};
		5105E8E31DFEDB4F0020E107 /* PBXTargetDependency */ = {
			isa = PBXTargetDependency;
			target = 5105E8BC1DFEDB4E0020E107 /* OCDesignModeExample */;
			targetProxy = 5105E8E21DFEDB4F0020E107 /* PBXContainerItemProxy */;
		};
/* End PBXTargetDependency section */

/* Begin PBXVariantGroup section */
		5105E8C91DFEDB4E0020E107 /* Main.storyboard */ = {
			isa = PBXVariantGroup;
			children = (
				5105E8CA1DFEDB4E0020E107 /* Base */,
			);
			name = Main.storyboard;
			sourceTree = "<group>";
		};
		5105E8CE1DFEDB4E0020E107 /* LaunchScreen.storyboard */ = {
			isa = PBXVariantGroup;
			children = (
				5105E8CF1DFEDB4E0020E107 /* Base */,
			);
			name = LaunchScreen.storyboard;
			sourceTree = "<group>";
		};
/* End PBXVariantGroup section */

/* Begin XCBuildConfiguration section */
		5105E8E81DFEDB4F0020E107 /* Debug */ = {
			isa = XCBuildConfiguration;
			buildSettings = {
				ALWAYS_SEARCH_USER_PATHS = NO;
				CLANG_ANALYZER_NONNULL = YES;
				CLANG_CXX_LANGUAGE_STANDARD = "gnu++0x";
				CLANG_CXX_LIBRARY = "libc++";
				CLANG_ENABLE_MODULES = YES;
				CLANG_ENABLE_OBJC_ARC = YES;
				CLANG_WARN_BOOL_CONVERSION = YES;
				CLANG_WARN_CONSTANT_CONVERSION = YES;
				CLANG_WARN_DIRECT_OBJC_ISA_USAGE = YES_ERROR;
				CLANG_WARN_EMPTY_BODY = YES;
				CLANG_WARN_ENUM_CONVERSION = YES;
				CLANG_WARN_INT_CONVERSION = YES;
				CLANG_WARN_OBJC_ROOT_CLASS = YES_ERROR;
				CLANG_WARN_UNREACHABLE_CODE = YES;
				CLANG_WARN__DUPLICATE_METHOD_MATCH = YES;
				"CODE_SIGN_IDENTITY[sdk=iphoneos*]" = "iPhone Developer";
				COPY_PHASE_STRIP = NO;
				DEBUG_INFORMATION_FORMAT = dwarf;
				ENABLE_STRICT_OBJC_MSGSEND = YES;
				ENABLE_TESTABILITY = YES;
				GCC_C_LANGUAGE_STANDARD = gnu99;
				GCC_DYNAMIC_NO_PIC = NO;
				GCC_NO_COMMON_BLOCKS = YES;
				GCC_OPTIMIZATION_LEVEL = 0;
				GCC_PREPROCESSOR_DEFINITIONS = (
					"DEBUG=1",
					"$(inherited)",
				);
				GCC_WARN_64_TO_32_BIT_CONVERSION = YES;
				GCC_WARN_ABOUT_RETURN_TYPE = YES_ERROR;
				GCC_WARN_UNDECLARED_SELECTOR = YES;
				GCC_WARN_UNINITIALIZED_AUTOS = YES_AGGRESSIVE;
				GCC_WARN_UNUSED_FUNCTION = YES;
				GCC_WARN_UNUSED_VARIABLE = YES;
				IPHONEOS_DEPLOYMENT_TARGET = 9.3;
				MTL_ENABLE_DEBUG_INFO = YES;
				ONLY_ACTIVE_ARCH = YES;
				SDKROOT = iphoneos;
				TARGETED_DEVICE_FAMILY = "1,2";
			};
			name = Debug;
		};
		5105E8E91DFEDB4F0020E107 /* Release */ = {
			isa = XCBuildConfiguration;
			buildSettings = {
				ALWAYS_SEARCH_USER_PATHS = NO;
				CLANG_ANALYZER_NONNULL = YES;
				CLANG_CXX_LANGUAGE_STANDARD = "gnu++0x";
				CLANG_CXX_LIBRARY = "libc++";
				CLANG_ENABLE_MODULES = YES;
				CLANG_ENABLE_OBJC_ARC = YES;
				CLANG_WARN_BOOL_CONVERSION = YES;
				CLANG_WARN_CONSTANT_CONVERSION = YES;
				CLANG_WARN_DIRECT_OBJC_ISA_USAGE = YES_ERROR;
				CLANG_WARN_EMPTY_BODY = YES;
				CLANG_WARN_ENUM_CONVERSION = YES;
				CLANG_WARN_INT_CONVERSION = YES;
				CLANG_WARN_OBJC_ROOT_CLASS = YES_ERROR;
				CLANG_WARN_UNREACHABLE_CODE = YES;
				CLANG_WARN__DUPLICATE_METHOD_MATCH = YES;
				"CODE_SIGN_IDENTITY[sdk=iphoneos*]" = "iPhone Developer";
				COPY_PHASE_STRIP = NO;
				DEBUG_INFORMATION_FORMAT = "dwarf-with-dsym";
				ENABLE_NS_ASSERTIONS = NO;
				ENABLE_STRICT_OBJC_MSGSEND = YES;
				GCC_C_LANGUAGE_STANDARD = gnu99;
				GCC_NO_COMMON_BLOCKS = YES;
				GCC_WARN_64_TO_32_BIT_CONVERSION = YES;
				GCC_WARN_ABOUT_RETURN_TYPE = YES_ERROR;
				GCC_WARN_UNDECLARED_SELECTOR = YES;
				GCC_WARN_UNINITIALIZED_AUTOS = YES_AGGRESSIVE;
				GCC_WARN_UNUSED_FUNCTION = YES;
				GCC_WARN_UNUSED_VARIABLE = YES;
				IPHONEOS_DEPLOYMENT_TARGET = 9.3;
				MTL_ENABLE_DEBUG_INFO = NO;
				SDKROOT = iphoneos;
				TARGETED_DEVICE_FAMILY = "1,2";
				VALIDATE_PRODUCT = YES;
			};
			name = Release;
		};
		5105E8EB1DFEDB4F0020E107 /* Debug */ = {
			isa = XCBuildConfiguration;
			baseConfigurationReference = 539C26155200ECE6A58154FF /* Pods-OCDesignModeExample.debug.xcconfig */;
			buildSettings = {
				ASSETCATALOG_COMPILER_APPICON_NAME = AppIcon;
				INFOPLIST_FILE = OCDesignModeExample/Info.plist;
				IPHONEOS_DEPLOYMENT_TARGET = 9.0;
				LD_RUNPATH_SEARCH_PATHS = "$(inherited) @executable_path/Frameworks";
				PRODUCT_BUNDLE_IDENTIFIER = mw.OCDesignModeExample;
				PRODUCT_NAME = "$(TARGET_NAME)";
			};
			name = Debug;
		};
		5105E8EC1DFEDB4F0020E107 /* Release */ = {
			isa = XCBuildConfiguration;
			baseConfigurationReference = 706537E3DCCD704A96EE4F35 /* Pods-OCDesignModeExample.release.xcconfig */;
			buildSettings = {
				ASSETCATALOG_COMPILER_APPICON_NAME = AppIcon;
				INFOPLIST_FILE = OCDesignModeExample/Info.plist;
				IPHONEOS_DEPLOYMENT_TARGET = 9.0;
				LD_RUNPATH_SEARCH_PATHS = "$(inherited) @executable_path/Frameworks";
				PRODUCT_BUNDLE_IDENTIFIER = mw.OCDesignModeExample;
				PRODUCT_NAME = "$(TARGET_NAME)";
			};
			name = Release;
		};
		5105E8EE1DFEDB4F0020E107 /* Debug */ = {
			isa = XCBuildConfiguration;
			baseConfigurationReference = 925F4F4165ABB82248AFB4C9 /* Pods-OCDesignModeExampleTests.debug.xcconfig */;
			buildSettings = {
				BUNDLE_LOADER = "$(TEST_HOST)";
				INFOPLIST_FILE = OCDesignModeExampleTests/Info.plist;
				LD_RUNPATH_SEARCH_PATHS = "$(inherited) @executable_path/Frameworks @loader_path/Frameworks";
				PRODUCT_BUNDLE_IDENTIFIER = mw.OCDesignModeExampleTests;
				PRODUCT_NAME = "$(TARGET_NAME)";
				TEST_HOST = "$(BUILT_PRODUCTS_DIR)/OCDesignModeExample.app/OCDesignModeExample";
			};
			name = Debug;
		};
		5105E8EF1DFEDB4F0020E107 /* Release */ = {
			isa = XCBuildConfiguration;
			baseConfigurationReference = B168CF72ACAD26C5C41E83C6 /* Pods-OCDesignModeExampleTests.release.xcconfig */;
			buildSettings = {
				BUNDLE_LOADER = "$(TEST_HOST)";
				INFOPLIST_FILE = OCDesignModeExampleTests/Info.plist;
				LD_RUNPATH_SEARCH_PATHS = "$(inherited) @executable_path/Frameworks @loader_path/Frameworks";
				PRODUCT_BUNDLE_IDENTIFIER = mw.OCDesignModeExampleTests;
				PRODUCT_NAME = "$(TARGET_NAME)";
				TEST_HOST = "$(BUILT_PRODUCTS_DIR)/OCDesignModeExample.app/OCDesignModeExample";
			};
			name = Release;
		};
		5105E8F11DFEDB4F0020E107 /* Debug */ = {
			isa = XCBuildConfiguration;
			baseConfigurationReference = 9E2BE04B3D14860F9204563B /* Pods-OCDesignModeExampleUITests.debug.xcconfig */;
			buildSettings = {
				INFOPLIST_FILE = OCDesignModeExampleUITests/Info.plist;
				LD_RUNPATH_SEARCH_PATHS = "$(inherited) @executable_path/Frameworks @loader_path/Frameworks";
				PRODUCT_BUNDLE_IDENTIFIER = mw.OCDesignModeExampleUITests;
				PRODUCT_NAME = "$(TARGET_NAME)";
				TEST_TARGET_NAME = OCDesignModeExample;
			};
			name = Debug;
		};
		5105E8F21DFEDB4F0020E107 /* Release */ = {
			isa = XCBuildConfiguration;
			baseConfigurationReference = 672F062E9F5629B0E5F8A07F /* Pods-OCDesignModeExampleUITests.release.xcconfig */;
			buildSettings = {
				INFOPLIST_FILE = OCDesignModeExampleUITests/Info.plist;
				LD_RUNPATH_SEARCH_PATHS = "$(inherited) @executable_path/Frameworks @loader_path/Frameworks";
				PRODUCT_BUNDLE_IDENTIFIER = mw.OCDesignModeExampleUITests;
				PRODUCT_NAME = "$(TARGET_NAME)";
				TEST_TARGET_NAME = OCDesignModeExample;
			};
			name = Release;
		};
/* End XCBuildConfiguration section */

/* Begin XCConfigurationList section */
		5105E8B81DFEDB4E0020E107 /* Build configuration list for PBXProject "OCDesignModeExample" */ = {
			isa = XCConfigurationList;
			buildConfigurations = (
				5105E8E81DFEDB4F0020E107 /* Debug */,
				5105E8E91DFEDB4F0020E107 /* Release */,
			);
			defaultConfigurationIsVisible = 0;
			defaultConfigurationName = Release;
		};
		5105E8EA1DFEDB4F0020E107 /* Build configuration list for PBXNativeTarget "OCDesignModeExample" */ = {
			isa = XCConfigurationList;
			buildConfigurations = (
				5105E8EB1DFEDB4F0020E107 /* Debug */,
				5105E8EC1DFEDB4F0020E107 /* Release */,
			);
			defaultConfigurationIsVisible = 0;
			defaultConfigurationName = Release;
		};
		5105E8ED1DFEDB4F0020E107 /* Build configuration list for PBXNativeTarget "OCDesignModeExampleTests" */ = {
			isa = XCConfigurationList;
			buildConfigurations = (
				5105E8EE1DFEDB4F0020E107 /* Debug */,
				5105E8EF1DFEDB4F0020E107 /* Release */,
			);
			defaultConfigurationIsVisible = 0;
			defaultConfigurationName = Release;
		};
		5105E8F01DFEDB4F0020E107 /* Build configuration list for PBXNativeTarget "OCDesignModeExampleUITests" */ = {
			isa = XCConfigurationList;
			buildConfigurations = (
				5105E8F11DFEDB4F0020E107 /* Debug */,
				5105E8F21DFEDB4F0020E107 /* Release */,
			);
			defaultConfigurationIsVisible = 0;
			defaultConfigurationName = Release;
		};
/* End XCConfigurationList section */
	};
	rootObject = 5105E8B51DFEDB4E0020E107 /* Project object */;
}
