// !$*UTF8*$!
{
	archiveVersion = 1;
	classes = {
	};
	objectVersion = 46;
	objects = {

/* Begin PBXBuildFile section */
		5105E8C21DFEDB4E0020E107 /* main.m in Sources */ = {isa = PBXBuildFile; fileRef = 5105E8C11DFEDB4E0020E107 /* main.m */; };
		5105E8C51DFEDB4E0020E107 /* AppDelegate.m in Sources */ = {isa = PBXBuildFile; fileRef = 5105E8C41DFEDB4E0020E107 /* AppDelegate.m */; };
		5105E8C81DFEDB4E0020E107 /* ViewController.m in Sources */ = {isa = PBXBuildFile; fileRef = 5105E8C71DFEDB4E0020E107 /* ViewController.m */; };
		5105E8CB1DFEDB4E0020E107 /* Main.storyboard in Resources */ = {isa = PBXBuildFile; fileRef = 5105E8C91DFEDB4E0020E107 /* Main.storyboard */; };
		5105E8CD1DFEDB4E0020E107 /* Assets.xcassets in Resources */ = {isa = PBXBuildFile; fileRef = 5105E8CC1DFEDB4E0020E107 /* Assets.xcassets */; };
		5105E8D01DFEDB4E0020E107 /* LaunchScreen.storyboard in Resources */ = {isa = PBXBuildFile; fileRef = 5105E8CE1DFEDB4E0020E107 /* LaunchScreen.storyboard */; };
		5105E8DB1DFEDB4F0020E107 /* OCDesignModeExampleTests.m in Sources */ = {isa = PBXBuildFile; fileRef = 5105E8DA1DFEDB4F0020E107 /* OCDesignModeExampleTests.m */; };
		5105E8E61DFEDB4F0020E107 /* OCDesignModeExampleUITests.m in Sources */ = {isa = PBXBuildFile; fileRef = 5105E8E51DFEDB4F0020E107 /* OCDesignModeExampleUITests.m */; };
		5105E8F51DFEDEB10020E107 /* MainListViewController.m in Sources */ = {isa = PBXBuildFile; fileRef = 5105E8F41DFEDEB10020E107 /* MainListViewController.m */; };
		5105E8FC1DFEE00F0020E107 /* BaseListViewController.m in Sources */ = {isa = PBXBuildFile; fileRef = 5105E8FB1DFEE00F0020E107 /* BaseListViewController.m */; };
		5105E8FF1DFEEB0A0020E107 /* RecordViewController.m in Sources */ = {isa = PBXBuildFile; fileRef = 5105E8FE1DFEEB0A0020E107 /* RecordViewController.m */; };
		5105E9031DFEEBDD0020E107 /* RecordItem.m in Sources */ = {isa = PBXBuildFile; fileRef = 5105E9021DFEEBDD0020E107 /* RecordItem.m */; };
		5105E9051DFEF0D30020E107 /* btnSelectedImg.png in Resources */ = {isa = PBXBuildFile; fileRef = 5105E9041DFEF0D30020E107 /* btnSelectedImg.png */; };
		5105E9081DFEF47A0020E107 /* RecodePool.m in Sources */ = {isa = PBXBuildFile; fileRef = 5105E9071DFEF47A0020E107 /* RecodePool.m */; };
/* End PBXBuildFile section */

/* Begin PBXContainerItemProxy section */
		5105E8D71DFEDB4F0020E107 /* PBXContainerItemProxy */ = {
			isa = PBXContainerItemProxy;
			containerPortal = 5105E8B51DFEDB4E0020E107 /* Project object */;
			proxyType = 1;
			remoteGlobalIDString = 5105E8BC1DFEDB4E0020E107;
			remoteInfo = OCDesignModeExample;
		};
		5105E8E21DFEDB4F0020E107 /* PBXContainerItemProxy */ = {
			isa = PBXContainerItemProxy;
			containerPortal = 5105E8B51DFEDB4E0020E107 /* Project object */;
			proxyType = 1;
			remoteGlobalIDString = 5105E8BC1DFEDB4E0020E107;
			remoteInfo = OCDesignModeExample;
		};
/* End PBXContainerItemProxy section */

/* Begin PBXFileReference section */
		5105E8BD1DFEDB4E0020E107 /* OCDesignModeExample.app */ = {isa = PBXFileReference; explicitFileType = wrapper.application; includeInIndex = 0; path = OCDesignModeExample.app; sourceTree = BUILT_PRODUCTS_DIR; };
		5105E8C11DFEDB4E0020E107 /* main.m */ = {isa = PBXFileReference; lastKnownFileType = sourcecode.c.objc; path = main.m; sourceTree = "<group>"; };
		5105E8C31DFEDB4E0020E107 /* AppDelegate.h */ = {isa = PBXFileReference; lastKnownFileType = sourcecode.c.h; path = AppDelegate.h; sourceTree = "<group>"; };
		5105E8C41DFEDB4E0020E107 /* AppDelegate.m */ = {isa = PBXFileReference; lastKnownFileType = sourcecode.c.objc; path = AppDelegate.m; sourceTree = "<group>"; };
		5105E8C61DFEDB4E0020E107 /* ViewController.h */ = {isa = PBXFileReference; lastKnownFileType = sourcecode.c.h; path = ViewController.h; sourceTree = "<group>"; };
		5105E8C71DFEDB4E0020E107 /* ViewController.m */ = {isa = PBXFileReference; lastKnownFileType = sourcecode.c.objc; path = ViewController.m; sourceTree = "<group>"; };
		5105E8CA1DFEDB4E0020E107 /* Base */ = {isa = PBXFileReference; lastKnownFileType = file.storyboard; name = Base; path = Base.lproj/Main.storyboard; sourceTree = "<group>"; };
		5105E8CC1DFEDB4E0020E107 /* Assets.xcassets */ = {isa = PBXFileReference; lastKnownFileType = folder.assetcatalog; path = Assets.xcassets; sourceTree = "<group>"; };
		5105E8CF1DFEDB4E0020E107 /* Base */ = {isa = PBXFileReference; lastKnownFileType = file.storyboard; name = Base; path = Base.lproj/LaunchScreen.storyboard; sourceTree = "<group>"; };
		5105E8D11DFEDB4E0020E107 /* Info.plist */ = {isa = PBXFileReference; lastKnownFileType = text.plist.xml; path = Info.plist; sourceTree = "<group>"; };
		5105E8D61DFEDB4F0020E107 /* OCDesignModeExampleTests.xctest */ = {isa = PBXFileReference; explicitFileType = wrapper.cfbundle; includeInIndex = 0; path = OCDesignModeExampleTests.xctest; sourceTree = BUILT_PRODUCTS_DIR; };
		5105E8DA1DFEDB4F0020E107 /* OCDesignModeExampleTests.m */ = {isa = PBXFileReference; lastKnownFileType = sourcecode.c.objc; path = OCDesignModeExampleTests.m; sourceTree = "<group>"; };
		5105E8DC1DFEDB4F0020E107 /* Info.plist */ = {isa = PBXFileReference; lastKnownFileType = text.plist.xml; path = Info.plist; sourceTree = "<group>"; };
		5105E8E11DFEDB4F0020E107 /* OCDesignModeExampleUITests.xctest */ = {isa = PBXFileReference; explicitFileType = wrapper.cfbundle; includeInIndex = 0; path = OCDesignModeExampleUITests.xctest; sourceTree = BUILT_PRODUCTS_DIR; };
		5105E8E51DFEDB4F0020E107 /* OCDesignModeExampleUITests.m */ = {isa = PBXFileReference; lastKnownFileType = sourcecode.c.objc; path = OCDesignModeExampleUITests.m; sourceTree = "<group>"; };
		5105E8E71DFEDB4F0020E107 /* Info.plist */ = {isa = PBXFileReference; lastKnownFileType = text.plist.xml; path = Info.plist; sourceTree = "<group>"; };
		5105E8F31DFEDEB10020E107 /* MainListViewController.h */ = {isa = PBXFileReference; fileEncoding = 4; lastKnownFileType = sourcecode.c.h; path = MainListViewController.h; sourceTree = "<group>"; };
		5105E8F41DFEDEB10020E107 /* MainListViewController.m */ = {isa = PBXFileReference; fileEncoding = 4; lastKnownFileType = sourcecode.c.objc; path = MainListViewController.m; sourceTree = "<group>"; };
		5105E8FA1DFEE00F0020E107 /* BaseListViewController.h */ = {isa = PBXFileReference; fileEncoding = 4; lastKnownFileType = sourcecode.c.h; path = BaseListViewController.h; sourceTree = "<group>"; };
		5105E8FB1DFEE00F0020E107 /* BaseListViewController.m */ = {isa = PBXFileReference; fileEncoding = 4; lastKnownFileType = sourcecode.c.objc; path = BaseListViewController.m; sourceTree = "<group>"; };
		5105E8FD1DFEEB0A0020E107 /* RecordViewController.h */ = {isa = PBXFileReference; fileEncoding = 4; lastKnownFileType = sourcecode.c.h; path = RecordViewController.h; sourceTree = "<group>"; };
		5105E8FE1DFEEB0A0020E107 /* RecordViewController.m */ = {isa = PBXFileReference; fileEncoding = 4; lastKnownFileType = sourcecode.c.objc; path = RecordViewController.m; sourceTree = "<group>"; };
		5105E9011DFEEBDD0020E107 /* RecordItem.h */ = {isa = PBXFileReference; fileEncoding = 4; lastKnownFileType = sourcecode.c.h; path = RecordItem.h; sourceTree = "<group>"; };
		5105E9021DFEEBDD0020E107 /* RecordItem.m */ = {isa = PBXFileReference; fileEncoding = 4; lastKnownFileType = sourcecode.c.objc; path = RecordItem.m; sourceTree = "<group>"; };
		5105E9041DFEF0D30020E107 /* btnSelectedImg.png */ = {isa = PBXFileReference; lastKnownFileType = image.png; path = btnSelectedImg.png; sourceTree = "<group>"; };
		5105E9061DFEF47A0020E107 /* RecodePool.h */ = {isa = PBXFileReference; fileEncoding = 4; lastKnownFileType = sourcecode.c.h; path = RecodePool.h; sourceTree = "<group>"; };
		5105E9071DFEF47A0020E107 /* RecodePool.m */ = {isa = PBXFileReference; fileEncoding = 4; lastKnownFileType = sourcecode.c.objc; path = RecodePool.m; sourceTree = "<group>"; };
/* End PBXFileReference section */

/* Begin PBXFrameworksBuildPhase section */
		5105E8BA1DFEDB4E0020E107 /* Frameworks */ = {
			isa = PBXFrameworksBuildPhase;
			buildActionMask = 2147483647;
			files = (
			);
			runOnlyForDeploymentPostprocessing = 0;
		};
		5105E8D31DFEDB4F0020E107 /* Frameworks */ = {
			isa = PBXFrameworksBuildPhase;
			buildActionMask = 2147483647;
			files = (
			);
			runOnlyForDeploymentPostprocessing = 0;
		};
		5105E8DE1DFEDB4F0020E107 /* Frameworks */ = {
			isa = PBXFrameworksBuildPhase;
			buildActionMask = 2147483647;
			files = (
			);
			runOnlyForDeploymentPostprocessing = 0;
		};
/* End PBXFrameworksBuildPhase section */

/* Begin PBXGroup section */
		5105E8B41DFEDB4E0020E107 = {
			isa = PBXGroup;
			children = (
				5105E8BF1DFEDB4E0020E107 /* OCDesignModeExample */,
				5105E8D91DFEDB4F0020E107 /* OCDesignModeExampleTests */,
				5105E8E41DFEDB4F0020E107 /* OCDesignModeExampleUITests */,
				5105E8BE1DFEDB4E0020E107 /* Products */,
			);
			sourceTree = "<group>";
		};
		5105E8BE1DFEDB4E0020E107 /* Products */ = {
			isa = PBXGroup;
			children = (
				5105E8BD1DFEDB4E0020E107 /* OCDesignModeExample.app */,
				5105E8D61DFEDB4F0020E107 /* OCDesignModeExampleTests.xctest */,
				5105E8E11DFEDB4F0020E107 /* OCDesignModeExampleUITests.xctest */,
			);
			name = Products;
			sourceTree = "<group>";
		};
		5105E8BF1DFEDB4E0020E107 /* OCDesignModeExample */ = {
			isa = PBXGroup;
			children = (
				5105E9041DFEF0D30020E107 /* btnSelectedImg.png */,
				5105E9001DFEEBC30020E107 /* model */,
				5105E8F91DFEDFF60020E107 /* Base */,
				5105E8F31DFEDEB10020E107 /* MainListViewController.h */,
				5105E8F41DFEDEB10020E107 /* MainListViewController.m */,
				5105E8FD1DFEEB0A0020E107 /* RecordViewController.h */,
				5105E8FE1DFEEB0A0020E107 /* RecordViewController.m */,
				5105E8C31DFEDB4E0020E107 /* AppDelegate.h */,
				5105E8C41DFEDB4E0020E107 /* AppDelegate.m */,
				5105E8C61DFEDB4E0020E107 /* ViewController.h */,
				5105E8C71DFEDB4E0020E107 /* ViewController.m */,
				5105E8C91DFEDB4E0020E107 /* Main.storyboard */,
				5105E8CC1DFEDB4E0020E107 /* Assets.xcassets */,
				5105E8CE1DFEDB4E0020E107 /* LaunchScreen.storyboard */,
				5105E8D11DFEDB4E0020E107 /* Info.plist */,
				5105E8C01DFEDB4E0020E107 /* Supporting Files */,
			);
			path = OCDesignModeExample;
			sourceTree = "<group>";
		};
		5105E8C01DFEDB4E0020E107 /* Supporting Files */ = {
			isa = PBXGroup;
			children = (
				5105E8C11DFEDB4E0020E107 /* main.m */,
			);
			name = "Supporting Files";
			sourceTree = "<group>";
		};
		5105E8D91DFEDB4F0020E107 /* OCDesignModeExampleTests */ = {
			isa = PBXGroup;
			children = (
				5105E8DA1DFEDB4F0020E107 /* OCDesignModeExampleTests.m */,
				5105E8DC1DFEDB4F0020E107 /* Info.plist */,
			);
			path = OCDesignModeExampleTests;
			sourceTree = "<group>";
		};
		5105E8E41DFEDB4F0020E107 /* OCDesignModeExampleUITests */ = {
			isa = PBXGroup;
			children = (
				5105E8E51DFEDB4F0020E107 /* OCDesignModeExampleUITests.m */,
				5105E8E71DFEDB4F0020E107 /* Info.plist */,
			);
			path = OCDesignModeExampleUITests;
			sourceTree = "<group>";
		};
		5105E8F91DFEDFF60020E107 /* Base */ = {
			isa = PBXGroup;
			children = (
				5105E8FA1DFEE00F0020E107 /* BaseListViewController.h */,
				5105E8FB1DFEE00F0020E107 /* BaseListViewController.m */,
			);
			path = Base;
			sourceTree = "<group>";
		};
		5105E9001DFEEBC30020E107 /* model */ = {
			isa = PBXGroup;
			children = (
				5105E9011DFEEBDD0020E107 /* RecordItem.h */,
				5105E9021DFEEBDD0020E107 /* RecordItem.m */,
				5105E9061DFEF47A0020E107 /* RecodePool.h */,
				5105E9071DFEF47A0020E107 /* RecodePool.m */,
			);
			path = model;
			sourceTree = "<group>";
		};
/* End PBXGroup section */

/* Begin PBXNativeTarget section */
		5105E8BC1DFEDB4E0020E107 /* OCDesignModeExample */ = {
			isa = PBXNativeTarget;
			buildConfigurationList = 5105E8EA1DFEDB4F0020E107 /* Build configuration list for PBXNativeTarget "OCDesignModeExample" */;
			buildPhases = (
				5105E8B91DFEDB4E0020E107 /* Sources */,
				5105E8BA1DFEDB4E0020E107 /* Frameworks */,
				5105E8BB1DFEDB4E0020E107 /* Resources */,
			);
			buildRules = (
			);
			dependencies = (
			);
			name = OCDesignModeExample;
			productName = OCDesignModeExample;
			productReference = 5105E8BD1DFEDB4E0020E107 /* OCDesignModeExample.app */;
			productType = "com.apple.product-type.application";
		};
		5105E8D51DFEDB4F0020E107 /* OCDesignModeExampleTests */ = {
			isa = PBXNativeTarget;
			buildConfigurationList = 5105E8ED1DFEDB4F0020E107 /* Build configuration list for PBXNativeTarget "OCDesignModeExampleTests" */;
			buildPhases = (
				5105E8D21DFEDB4F0020E107 /* Sources */,
				5105E8D31DFEDB4F0020E107 /* Frameworks */,
				5105E8D41DFEDB4F0020E107 /* Resources */,
			);
			buildRules = (
			);
			dependencies = (
				5105E8D81DFEDB4F0020E107 /* PBXTargetDependency */,
			);
			name = OCDesignModeExampleTests;
			productName = OCDesignModeExampleTests;
			productReference = 5105E8D61DFEDB4F0020E107 /* OCDesignModeExampleTests.xctest */;
			productType = "com.apple.product-type.bundle.unit-test";
		};
		5105E8E01DFEDB4F0020E107 /* OCDesignModeExampleUITests */ = {
			isa = PBXNativeTarget;
			buildConfigurationList = 5105E8F01DFEDB4F0020E107 /* Build configuration list for PBXNativeTarget "OCDesignModeExampleUITests" */;
			buildPhases = (
				5105E8DD1DFEDB4F0020E107 /* Sources */,
				5105E8DE1DFEDB4F0020E107 /* Frameworks */,
				5105E8DF1DFEDB4F0020E107 /* Resources */,
			);
			buildRules = (
			);
			dependencies = (
				5105E8E31DFEDB4F0020E107 /* PBXTargetDependency */,
			);
			name = OCDesignModeExampleUITests;
			productName = OCDesignModeExampleUITests;
			productReference = 5105E8E11DFEDB4F0020E107 /* OCDesignModeExampleUITests.xctest */;
			productType = "com.apple.product-type.bundle.ui-testing";
		};
/* End PBXNativeTarget section */

/* Begin PBXProject section */
		5105E8B51DFEDB4E0020E107 /* Project object */ = {
			isa = PBXProject;
			attributes = {
				LastUpgradeCheck = 0730;
				ORGANIZATIONNAME = mw;
				TargetAttributes = {
					5105E8BC1DFEDB4E0020E107 = {
						CreatedOnToolsVersion = 7.3.1;
					};
					5105E8D51DFEDB4F0020E107 = {
						CreatedOnToolsVersion = 7.3.1;
						TestTargetID = 5105E8BC1DFEDB4E0020E107;
					};
					5105E8E01DFEDB4F0020E107 = {
						CreatedOnToolsVersion = 7.3.1;
						TestTargetID = 5105E8BC1DFEDB4E0020E107;
					};
				};
			};
			buildConfigurationList = 5105E8B81DFEDB4E0020E107 /* Build configuration list for PBXProject "OCDesignModeExample" */;
			compatibilityVersion = "Xcode 3.2";
			developmentRegion = English;
			hasScannedForEncodings = 0;
			knownRegions = (
				en,
				Base,
			);
			mainGroup = 5105E8B41DFEDB4E0020E107;
			productRefGroup = 5105E8BE1DFEDB4E0020E107 /* Products */;
			projectDirPath = "";
			projectRoot = "";
			targets = (
				5105E8BC1DFEDB4E0020E107 /* OCDesignModeExample */,
				5105E8D51DFEDB4F0020E107 /* OCDesignModeExampleTests */,
				5105E8E01DFEDB4F0020E107 /* OCDesignModeExampleUITests */,
			);
		};
/* End PBXProject section */

/* Begin PBXResourcesBuildPhase section */
		5105E8BB1DFEDB4E0020E107 /* Resources */ = {
			isa = PBXResourcesBuildPhase;
			buildActionMask = 2147483647;
			files = (
				5105E8D01DFEDB4E0020E107 /* LaunchScreen.storyboard in Resources */,
				5105E8CD1DFEDB4E0020E107 /* Assets.xcassets in Resources */,
				5105E8CB1DFEDB4E0020E107 /* Main.storyboard in Resources */,
				5105E9051DFEF0D30020E107 /* btnSelectedImg.png in Resources */,
			);
			runOnlyForDeploymentPostprocessing = 0;
		};
		5105E8D41DFEDB4F0020E107 /* Resources */ = {
			isa = PBXResourcesBuildPhase;
			buildActionMask = 2147483647;
			files = (
			);
			runOnlyForDeploymentPostprocessing = 0;
		};
		5105E8DF1DFEDB4F0020E107 /* Resources */ = {
			isa = PBXResourcesBuildPhase;
			buildActionMask = 2147483647;
			files = (
			);
			runOnlyForDeploymentPostprocessing = 0;
		};
/* End PBXResourcesBuildPhase section */

/* Begin PBXSourcesBuildPhase section */
		5105E8B91DFEDB4E0020E107 /* Sources */ = {
			isa = PBXSourcesBuildPhase;
			buildActionMask = 2147483647;
			files = (
				5105E8C81DFEDB4E0020E107 /* ViewController.m in Sources */,
				5105E8FC1DFEE00F0020E107 /* BaseListViewController.m in Sources */,
				5105E8C51DFEDB4E0020E107 /* AppDelegate.m in Sources */,
				5105E9081DFEF47A0020E107 /* RecodePool.m in Sources */,
				5105E8FF1DFEEB0A0020E107 /* RecordViewController.m in Sources */,
				5105E9031DFEEBDD0020E107 /* RecordItem.m in Sources */,
				5105E8C21DFEDB4E0020E107 /* main.m in Sources */,
				5105E8F51DFEDEB10020E107 /* MainListViewController.m in Sources */,
			);
			runOnlyForDeploymentPostprocessing = 0;
		};
		5105E8D21DFEDB4F0020E107 /* Sources */ = {
			isa = PBXSourcesBuildPhase;
			buildActionMask = 2147483647;
			files = (
				5105E8DB1DFEDB4F0020E107 /* OCDesignModeExampleTests.m in Sources */,
			);
			runOnlyForDeploymentPostprocessing = 0;
		};
		5105E8DD1DFEDB4F0020E107 /* Sources */ = {
			isa = PBXSourcesBuildPhase;
			buildActionMask = 2147483647;
			files = (
				5105E8E61DFEDB4F0020E107 /* OCDesignModeExampleUITests.m in Sources */,
			);
			runOnlyForDeploymentPostprocessing = 0;
		};
/* End PBXSourcesBuildPhase section */

/* Begin PBXTargetDependency section */
		5105E8D81DFEDB4F0020E107 /* PBXTargetDependency */ = {
			isa = PBXTargetDependency;
			target = 5105E8BC1DFEDB4E0020E107 /* OCDesignModeExample */;
			targetProxy = 5105E8D71DFEDB4F0020E107 /* PBXContainerItemProxy */;
		};
		5105E8E31DFEDB4F0020E107 /* PBXTargetDependency */ = {
			isa = PBXTargetDependency;
			target = 5105E8BC1DFEDB4E0020E107 /* OCDesignModeExample */;
			targetProxy = 5105E8E21DFEDB4F0020E107 /* PBXContainerItemProxy */;
		};
/* End PBXTargetDependency section */

/* Begin PBXVariantGroup section */
		5105E8C91DFEDB4E0020E107 /* Main.storyboard */ = {
			isa = PBXVariantGroup;
			children = (
				5105E8CA1DFEDB4E0020E107 /* Base */,
			);
			name = Main.storyboard;
			sourceTree = "<group>";
		};
		5105E8CE1DFEDB4E0020E107 /* LaunchScreen.storyboard */ = {
			isa = PBXVariantGroup;
			children = (
				5105E8CF1DFEDB4E0020E107 /* Base */,
			);
			name = LaunchScreen.storyboard;
			sourceTree = "<group>";
		};
/* End PBXVariantGroup section */

/* Begin XCBuildConfiguration section */
		5105E8E81DFEDB4F0020E107 /* Debug */ = {
			isa = XCBuildConfiguration;
			buildSettings = {
				ALWAYS_SEARCH_USER_PATHS = NO;
				CLANG_ANALYZER_NONNULL = YES;
				CLANG_CXX_LANGUAGE_STANDARD = "gnu++0x";
				CLANG_CXX_LIBRARY = "libc++";
				CLANG_ENABLE_MODULES = YES;
				CLANG_ENABLE_OBJC_ARC = YES;
				CLANG_WARN_BOOL_CONVERSION = YES;
				CLANG_WARN_CONSTANT_CONVERSION = YES;
				CLANG_WARN_DIRECT_OBJC_ISA_USAGE = YES_ERROR;
				CLANG_WARN_EMPTY_BODY = YES;
				CLANG_WARN_ENUM_CONVERSION = YES;
				CLANG_WARN_INT_CONVERSION = YES;
				CLANG_WARN_OBJC_ROOT_CLASS = YES_ERROR;
				CLANG_WARN_UNREACHABLE_CODE = YES;
				CLANG_WARN__DUPLICATE_METHOD_MATCH = YES;
				"CODE_SIGN_IDENTITY[sdk=iphoneos*]" = "iPhone Developer";
				COPY_PHASE_STRIP = NO;
				DEBUG_INFORMATION_FORMAT = dwarf;
				ENABLE_STRICT_OBJC_MSGSEND = YES;
				ENABLE_TESTABILITY = YES;
				GCC_C_LANGUAGE_STANDARD = gnu99;
				GCC_DYNAMIC_NO_PIC = NO;
				GCC_NO_COMMON_BLOCKS = YES;
				GCC_OPTIMIZATION_LEVEL = 0;
				GCC_PREPROCESSOR_DEFINITIONS = (
					"DEBUG=1",
					"$(inherited)",
				);
				GCC_WARN_64_TO_32_BIT_CONVERSION = YES;
				GCC_WARN_ABOUT_RETURN_TYPE = YES_ERROR;
				GCC_WARN_UNDECLARED_SELECTOR = YES;
				GCC_WARN_UNINITIALIZED_AUTOS = YES_AGGRESSIVE;
				GCC_WARN_UNUSED_FUNCTION = YES;
				GCC_WARN_UNUSED_VARIABLE = YES;
				IPHONEOS_DEPLOYMENT_TARGET = 9.3;
				MTL_ENABLE_DEBUG_INFO = YES;
				ONLY_ACTIVE_ARCH = YES;
				SDKROOT = iphoneos;
				TARGETED_DEVICE_FAMILY = "1,2";
			};
			name = Debug;
		};
		5105E8E91DFEDB4F0020E107 /* Release */ = {
			isa = XCBuildConfiguration;
			buildSettings = {
				ALWAYS_SEARCH_USER_PATHS = NO;
				CLANG_ANALYZER_NONNULL = YES;
				CLANG_CXX_LANGUAGE_STANDARD = "gnu++0x";
				CLANG_CXX_LIBRARY = "libc++";
				CLANG_ENABLE_MODULES = YES;
				CLANG_ENABLE_OBJC_ARC = YES;
				CLANG_WARN_BOOL_CONVERSION = YES;
				CLANG_WARN_CONSTANT_CONVERSION = YES;
				CLANG_WARN_DIRECT_OBJC_ISA_USAGE = YES_ERROR;
				CLANG_WARN_EMPTY_BODY = YES;
				CLANG_WARN_ENUM_CONVERSION = YES;
				CLANG_WARN_INT_CONVERSION = YES;
				CLANG_WARN_OBJC_ROOT_CLASS = YES_ERROR;
				CLANG_WARN_UNREACHABLE_CODE = YES;
				CLANG_WARN__DUPLICATE_METHOD_MATCH = YES;
				"CODE_SIGN_IDENTITY[sdk=iphoneos*]" = "iPhone Developer";
				COPY_PHASE_STRIP = NO;
				DEBUG_INFORMATION_FORMAT = "dwarf-with-dsym";
				ENABLE_NS_ASSERTIONS = NO;
				ENABLE_STRICT_OBJC_MSGSEND = YES;
				GCC_C_LANGUAGE_STANDARD = gnu99;
				GCC_NO_COMMON_BLOCKS = YES;
				GCC_WARN_64_TO_32_BIT_CONVERSION = YES;
				GCC_WARN_ABOUT_RETURN_TYPE = YES_ERROR;
				GCC_WARN_UNDECLARED_SELECTOR = YES;
				GCC_WARN_UNINITIALIZED_AUTOS = YES_AGGRESSIVE;
				GCC_WARN_UNUSED_FUNCTION = YES;
				GCC_WARN_UNUSED_VARIABLE = YES;
				IPHONEOS_DEPLOYMENT_TARGET = 9.3;
				MTL_ENABLE_DEBUG_INFO = NO;
				SDKROOT = iphoneos;
				TARGETED_DEVICE_FAMILY = "1,2";
				VALIDATE_PRODUCT = YES;
			};
			name = Release;
		};
		5105E8EB1DFEDB4F0020E107 /* Debug */ = {
			isa = XCBuildConfiguration;
			buildSettings = {
				ASSETCATALOG_COMPILER_APPICON_NAME = AppIcon;
				INFOPLIST_FILE = OCDesignModeExample/Info.plist;
				LD_RUNPATH_SEARCH_PATHS = "$(inherited) @executable_path/Frameworks";
				PRODUCT_BUNDLE_IDENTIFIER = mw.OCDesignModeExample;
				PRODUCT_NAME = "$(TARGET_NAME)";
			};
			name = Debug;
		};
		5105E8EC1DFEDB4F0020E107 /* Release */ = {
			isa = XCBuildConfiguration;
			buildSettings = {
				ASSETCATALOG_COMPILER_APPICON_NAME = AppIcon;
				INFOPLIST_FILE = OCDesignModeExample/Info.plist;
				LD_RUNPATH_SEARCH_PATHS = "$(inherited) @executable_path/Frameworks";
				PRODUCT_BUNDLE_IDENTIFIER = mw.OCDesignModeExample;
				PRODUCT_NAME = "$(TARGET_NAME)";
			};
			name = Release;
		};
		5105E8EE1DFEDB4F0020E107 /* Debug */ = {
			isa = XCBuildConfiguration;
			buildSettings = {
				BUNDLE_LOADER = "$(TEST_HOST)";
				INFOPLIST_FILE = OCDesignModeExampleTests/Info.plist;
				LD_RUNPATH_SEARCH_PATHS = "$(inherited) @executable_path/Frameworks @loader_path/Frameworks";
				PRODUCT_BUNDLE_IDENTIFIER = mw.OCDesignModeExampleTests;
				PRODUCT_NAME = "$(TARGET_NAME)";
				TEST_HOST = "$(BUILT_PRODUCTS_DIR)/OCDesignModeExample.app/OCDesignModeExample";
			};
			name = Debug;
		};
		5105E8EF1DFEDB4F0020E107 /* Release */ = {
			isa = XCBuildConfiguration;
			buildSettings = {
				BUNDLE_LOADER = "$(TEST_HOST)";
				INFOPLIST_FILE = OCDesignModeExampleTests/Info.plist;
				LD_RUNPATH_SEARCH_PATHS = "$(inherited) @executable_path/Frameworks @loader_path/Frameworks";
				PRODUCT_BUNDLE_IDENTIFIER = mw.OCDesignModeExampleTests;
				PRODUCT_NAME = "$(TARGET_NAME)";
				TEST_HOST = "$(BUILT_PRODUCTS_DIR)/OCDesignModeExample.app/OCDesignModeExample";
			};
			name = Release;
		};
		5105E8F11DFEDB4F0020E107 /* Debug */ = {
			isa = XCBuildConfiguration;
			buildSettings = {
				INFOPLIST_FILE = OCDesignModeExampleUITests/Info.plist;
				LD_RUNPATH_SEARCH_PATHS = "$(inherited) @executable_path/Frameworks @loader_path/Frameworks";
				PRODUCT_BUNDLE_IDENTIFIER = mw.OCDesignModeExampleUITests;
				PRODUCT_NAME = "$(TARGET_NAME)";
				TEST_TARGET_NAME = OCDesignModeExample;
			};
			name = Debug;
		};
		5105E8F21DFEDB4F0020E107 /* Release */ = {
			isa = XCBuildConfiguration;
			buildSettings = {
				INFOPLIST_FILE = OCDesignModeExampleUITests/Info.plist;
				LD_RUNPATH_SEARCH_PATHS = "$(inherited) @executable_path/Frameworks @loader_path/Frameworks";
				PRODUCT_BUNDLE_IDENTIFIER = mw.OCDesignModeExampleUITests;
				PRODUCT_NAME = "$(TARGET_NAME)";
				TEST_TARGET_NAME = OCDesignModeExample;
			};
			name = Release;
		};
/* End XCBuildConfiguration section */

/* Begin XCConfigurationList section */
		5105E8B81DFEDB4E0020E107 /* Build configuration list for PBXProject "OCDesignModeExample" */ = {
			isa = XCConfigurationList;
			buildConfigurations = (
				5105E8E81DFEDB4F0020E107 /* Debug */,
				5105E8E91DFEDB4F0020E107 /* Release */,
			);
			defaultConfigurationIsVisible = 0;
			defaultConfigurationName = Release;
		};
		5105E8EA1DFEDB4F0020E107 /* Build configuration list for PBXNativeTarget "OCDesignModeExample" */ = {
			isa = XCConfigurationList;
			buildConfigurations = (
				5105E8EB1DFEDB4F0020E107 /* Debug */,
				5105E8EC1DFEDB4F0020E107 /* Release */,
			);
			defaultConfigurationIsVisible = 0;
			defaultConfigurationName = Release;
		};
		5105E8ED1DFEDB4F0020E107 /* Build configuration list for PBXNativeTarget "OCDesignModeExampleTests" */ = {
			isa = XCConfigurationList;
			buildConfigurations = (
				5105E8EE1DFEDB4F0020E107 /* Debug */,
				5105E8EF1DFEDB4F0020E107 /* Release */,
			);
			defaultConfigurationIsVisible = 0;
			defaultConfigurationName = Release;
		};
		5105E8F01DFEDB4F0020E107 /* Build configuration list for PBXNativeTarget "OCDesignModeExampleUITests" */ = {
			isa = XCConfigurationList;
			buildConfigurations = (
				5105E8F11DFEDB4F0020E107 /* Debug */,
				5105E8F21DFEDB4F0020E107 /* Release */,
			);
			defaultConfigurationIsVisible = 0;
			defaultConfigurationName = Release;
		};
/* End XCConfigurationList section */
	};
	rootObject = 5105E8B51DFEDB4E0020E107 /* Project object */;
}
